// !$*UTF8*$!
{
	archiveVersion = 1;
	classes = {
	};
	objectVersion = 55;
	objects = {

/* Begin PBXBuildFile section */
		5F2983E728A176EF00D60CBB /* PerfilUserRouter.swift in Sources */ = {isa = PBXBuildFile; fileRef = 5F2983E628A176EF00D60CBB /* PerfilUserRouter.swift */; };
		5F2983E928A1773F00D60CBB /* PerfilUserProtocols.swift in Sources */ = {isa = PBXBuildFile; fileRef = 5F2983E828A1773F00D60CBB /* PerfilUserProtocols.swift */; };
		5F2983ED28A17AC500D60CBB /* PerfilUserViewController.swift in Sources */ = {isa = PBXBuildFile; fileRef = 5F2983EC28A17AC500D60CBB /* PerfilUserViewController.swift */; };
		5F2983EF28A17B1800D60CBB /* PerfilUserPresenter.swift in Sources */ = {isa = PBXBuildFile; fileRef = 5F2983EE28A17B1800D60CBB /* PerfilUserPresenter.swift */; };
		5F2983F128A17BEC00D60CBB /* PerfilUserIntercator.swift in Sources */ = {isa = PBXBuildFile; fileRef = 5F2983F028A17BEC00D60CBB /* PerfilUserIntercator.swift */; };
		5F66D7EA289D9A890014FEDD /* AppDelegate.swift in Sources */ = {isa = PBXBuildFile; fileRef = 5F66D7E9289D9A890014FEDD /* AppDelegate.swift */; };
		5F66D7EC289D9A890014FEDD /* SceneDelegate.swift in Sources */ = {isa = PBXBuildFile; fileRef = 5F66D7EB289D9A890014FEDD /* SceneDelegate.swift */; };
		5F66D7EE289D9A890014FEDD /* ViewController.swift in Sources */ = {isa = PBXBuildFile; fileRef = 5F66D7ED289D9A890014FEDD /* ViewController.swift */; };
		5F66D7F1289D9A890014FEDD /* Main.storyboard in Resources */ = {isa = PBXBuildFile; fileRef = 5F66D7EF289D9A890014FEDD /* Main.storyboard */; };
		5F66D7F3289D9A8A0014FEDD /* Assets.xcassets in Resources */ = {isa = PBXBuildFile; fileRef = 5F66D7F2289D9A8A0014FEDD /* Assets.xcassets */; };
		5F66D7F6289D9A8A0014FEDD /* LaunchScreen.storyboard in Resources */ = {isa = PBXBuildFile; fileRef = 5F66D7F4289D9A8A0014FEDD /* LaunchScreen.storyboard */; };
		5F66D80C289DA8DA0014FEDD /* MainProtocols.swift in Sources */ = {isa = PBXBuildFile; fileRef = 5F66D80B289DA8DA0014FEDD /* MainProtocols.swift */; };
		5F66D80E289DAAD70014FEDD /* UserEntity.swift in Sources */ = {isa = PBXBuildFile; fileRef = 5F66D80D289DAAD70014FEDD /* UserEntity.swift */; };
		5F66D810289DAE740014FEDD /* MainView.swift in Sources */ = {isa = PBXBuildFile; fileRef = 5F66D80F289DAE740014FEDD /* MainView.swift */; };
		5F66D812289DB9760014FEDD /* MainPresenter.swift in Sources */ = {isa = PBXBuildFile; fileRef = 5F66D811289DB9760014FEDD /* MainPresenter.swift */; };
		5F66D814289DBAFF0014FEDD /* MainInteractor.swift in Sources */ = {isa = PBXBuildFile; fileRef = 5F66D813289DBAFF0014FEDD /* MainInteractor.swift */; };
		5F66D816289DC23B0014FEDD /* MainRouter.swift in Sources */ = {isa = PBXBuildFile; fileRef = 5F66D815289DC23B0014FEDD /* MainRouter.swift */; };
		5F66D819289DC7A50014FEDD /* CollectionViewCell.swift in Sources */ = {isa = PBXBuildFile; fileRef = 5F66D818289DC7A50014FEDD /* CollectionViewCell.swift */; };
		5FF698ED289EB8C700F1A9A6 /* Extentions.swift in Sources */ = {isa = PBXBuildFile; fileRef = 5FF698EC289EB8C700F1A9A6 /* Extentions.swift */; };
		D248599828D28E0900E4AB5F /* GoogleService-Info.plist in Resources */ = {isa = PBXBuildFile; fileRef = D248599728D28E0900E4AB5F /* GoogleService-Info.plist */; };
		D248599B28D28EAF00E4AB5F /* FirebaseAnalytics in Frameworks */ = {isa = PBXBuildFile; productRef = D248599A28D28EAF00E4AB5F /* FirebaseAnalytics */; };
		D248599D28D28EAF00E4AB5F /* FirebaseAnalyticsSwift in Frameworks */ = {isa = PBXBuildFile; productRef = D248599C28D28EAF00E4AB5F /* FirebaseAnalyticsSwift */; };
		D248599F28D28EAF00E4AB5F /* FirebaseAuth in Frameworks */ = {isa = PBXBuildFile; productRef = D248599E28D28EAF00E4AB5F /* FirebaseAuth */; };
		D24859A128D28EAF00E4AB5F /* FirebaseCrashlytics in Frameworks */ = {isa = PBXBuildFile; productRef = D24859A028D28EAF00E4AB5F /* FirebaseCrashlytics */; };
		D24859A328D28EAF00E4AB5F /* FirebaseDatabase in Frameworks */ = {isa = PBXBuildFile; productRef = D24859A228D28EAF00E4AB5F /* FirebaseDatabase */; };
		D24859A528D28EAF00E4AB5F /* FirebaseDatabaseSwift in Frameworks */ = {isa = PBXBuildFile; productRef = D24859A428D28EAF00E4AB5F /* FirebaseDatabaseSwift */; };
		D24859A728D28EAF00E4AB5F /* FirebaseFirestore in Frameworks */ = {isa = PBXBuildFile; productRef = D24859A628D28EAF00E4AB5F /* FirebaseFirestore */; };
		D24859A928D28EAF00E4AB5F /* FirebaseFirestoreSwift in Frameworks */ = {isa = PBXBuildFile; productRef = D24859A828D28EAF00E4AB5F /* FirebaseFirestoreSwift */; };
		D24859AB28D28EAF00E4AB5F /* FirebaseStorage in Frameworks */ = {isa = PBXBuildFile; productRef = D24859AA28D28EAF00E4AB5F /* FirebaseStorage */; };
		D260CF0728DA11D700F86223 /* Login.storyboard in Resources */ = {isa = PBXBuildFile; fileRef = D260CF0628DA11D700F86223 /* Login.storyboard */; };
		D260CF0928DA11F200F86223 /* LoginViewController.swift in Sources */ = {isa = PBXBuildFile; fileRef = D260CF0828DA11F200F86223 /* LoginViewController.swift */; };
		D260CF0C28DA15A300F86223 /* LoginInteractor.swift in Sources */ = {isa = PBXBuildFile; fileRef = D260CF0B28DA15A300F86223 /* LoginInteractor.swift */; };
		D260CF0F28DA175900F86223 /* LoginPresenter.swift in Sources */ = {isa = PBXBuildFile; fileRef = D260CF0E28DA175900F86223 /* LoginPresenter.swift */; };
		D260CF1228DA178100F86223 /* LoginProtocols.swift in Sources */ = {isa = PBXBuildFile; fileRef = D260CF1128DA178100F86223 /* LoginProtocols.swift */; };
		D260CF1528DA17A600F86223 /* LoginRouter.swift in Sources */ = {isa = PBXBuildFile; fileRef = D260CF1428DA17A600F86223 /* LoginRouter.swift */; };
/* End PBXBuildFile section */

/* Begin PBXFileReference section */
		5F2983E628A176EF00D60CBB /* PerfilUserRouter.swift */ = {isa = PBXFileReference; lastKnownFileType = sourcecode.swift; path = PerfilUserRouter.swift; sourceTree = "<group>"; };
		5F2983E828A1773F00D60CBB /* PerfilUserProtocols.swift */ = {isa = PBXFileReference; lastKnownFileType = sourcecode.swift; path = PerfilUserProtocols.swift; sourceTree = "<group>"; };
		5F2983EC28A17AC500D60CBB /* PerfilUserViewController.swift */ = {isa = PBXFileReference; lastKnownFileType = sourcecode.swift; path = PerfilUserViewController.swift; sourceTree = "<group>"; };
		5F2983EE28A17B1800D60CBB /* PerfilUserPresenter.swift */ = {isa = PBXFileReference; lastKnownFileType = sourcecode.swift; path = PerfilUserPresenter.swift; sourceTree = "<group>"; };
		5F2983F028A17BEC00D60CBB /* PerfilUserIntercator.swift */ = {isa = PBXFileReference; lastKnownFileType = sourcecode.swift; path = PerfilUserIntercator.swift; sourceTree = "<group>"; };
		5F66D7E6289D9A890014FEDD /* Citas.app */ = {isa = PBXFileReference; explicitFileType = wrapper.application; includeInIndex = 0; path = Citas.app; sourceTree = BUILT_PRODUCTS_DIR; };
		5F66D7E9289D9A890014FEDD /* AppDelegate.swift */ = {isa = PBXFileReference; lastKnownFileType = sourcecode.swift; path = AppDelegate.swift; sourceTree = "<group>"; };
		5F66D7EB289D9A890014FEDD /* SceneDelegate.swift */ = {isa = PBXFileReference; lastKnownFileType = sourcecode.swift; path = SceneDelegate.swift; sourceTree = "<group>"; };
		5F66D7ED289D9A890014FEDD /* ViewController.swift */ = {isa = PBXFileReference; lastKnownFileType = sourcecode.swift; path = ViewController.swift; sourceTree = "<group>"; };
		5F66D7F0289D9A890014FEDD /* Base */ = {isa = PBXFileReference; lastKnownFileType = file.storyboard; name = Base; path = Base.lproj/Main.storyboard; sourceTree = "<group>"; };
		5F66D7F2289D9A8A0014FEDD /* Assets.xcassets */ = {isa = PBXFileReference; lastKnownFileType = folder.assetcatalog; path = Assets.xcassets; sourceTree = "<group>"; };
		5F66D7F5289D9A8A0014FEDD /* Base */ = {isa = PBXFileReference; lastKnownFileType = file.storyboard; name = Base; path = Base.lproj/LaunchScreen.storyboard; sourceTree = "<group>"; };
		5F66D7F7289D9A8A0014FEDD /* Info.plist */ = {isa = PBXFileReference; lastKnownFileType = text.plist.xml; path = Info.plist; sourceTree = "<group>"; };
		5F66D80B289DA8DA0014FEDD /* MainProtocols.swift */ = {isa = PBXFileReference; lastKnownFileType = sourcecode.swift; path = MainProtocols.swift; sourceTree = "<group>"; };
		5F66D80D289DAAD70014FEDD /* UserEntity.swift */ = {isa = PBXFileReference; lastKnownFileType = sourcecode.swift; path = UserEntity.swift; sourceTree = "<group>"; };
		5F66D80F289DAE740014FEDD /* MainView.swift */ = {isa = PBXFileReference; lastKnownFileType = sourcecode.swift; path = MainView.swift; sourceTree = "<group>"; };
		5F66D811289DB9760014FEDD /* MainPresenter.swift */ = {isa = PBXFileReference; lastKnownFileType = sourcecode.swift; path = MainPresenter.swift; sourceTree = "<group>"; };
		5F66D813289DBAFF0014FEDD /* MainInteractor.swift */ = {isa = PBXFileReference; lastKnownFileType = sourcecode.swift; path = MainInteractor.swift; sourceTree = "<group>"; };
		5F66D815289DC23B0014FEDD /* MainRouter.swift */ = {isa = PBXFileReference; lastKnownFileType = sourcecode.swift; path = MainRouter.swift; sourceTree = "<group>"; };
		5F66D818289DC7A50014FEDD /* CollectionViewCell.swift */ = {isa = PBXFileReference; lastKnownFileType = sourcecode.swift; path = CollectionViewCell.swift; sourceTree = "<group>"; };
		5FF698EC289EB8C700F1A9A6 /* Extentions.swift */ = {isa = PBXFileReference; lastKnownFileType = sourcecode.swift; path = Extentions.swift; sourceTree = "<group>"; };
		D248599728D28E0900E4AB5F /* GoogleService-Info.plist */ = {isa = PBXFileReference; fileEncoding = 4; lastKnownFileType = text.plist.xml; path = "GoogleService-Info.plist"; sourceTree = "<group>"; };
		D260CF0628DA11D700F86223 /* Login.storyboard */ = {isa = PBXFileReference; lastKnownFileType = file.storyboard; path = Login.storyboard; sourceTree = "<group>"; };
		D260CF0828DA11F200F86223 /* LoginViewController.swift */ = {isa = PBXFileReference; lastKnownFileType = sourcecode.swift; path = LoginViewController.swift; sourceTree = "<group>"; };
		D260CF0B28DA15A300F86223 /* LoginInteractor.swift */ = {isa = PBXFileReference; lastKnownFileType = sourcecode.swift; path = LoginInteractor.swift; sourceTree = "<group>"; };
		D260CF0E28DA175900F86223 /* LoginPresenter.swift */ = {isa = PBXFileReference; lastKnownFileType = sourcecode.swift; path = LoginPresenter.swift; sourceTree = "<group>"; };
		D260CF1128DA178100F86223 /* LoginProtocols.swift */ = {isa = PBXFileReference; lastKnownFileType = sourcecode.swift; path = LoginProtocols.swift; sourceTree = "<group>"; };
		D260CF1428DA17A600F86223 /* LoginRouter.swift */ = {isa = PBXFileReference; lastKnownFileType = sourcecode.swift; path = LoginRouter.swift; sourceTree = "<group>"; };
/* End PBXFileReference section */

/* Begin PBXFrameworksBuildPhase section */
		5F66D7E3289D9A890014FEDD /* Frameworks */ = {
			isa = PBXFrameworksBuildPhase;
			buildActionMask = 2147483647;
			files = (
				D24859A528D28EAF00E4AB5F /* FirebaseDatabaseSwift in Frameworks */,
				D24859A328D28EAF00E4AB5F /* FirebaseDatabase in Frameworks */,
				D24859AB28D28EAF00E4AB5F /* FirebaseStorage in Frameworks */,
				D248599D28D28EAF00E4AB5F /* FirebaseAnalyticsSwift in Frameworks */,
				D24859A128D28EAF00E4AB5F /* FirebaseCrashlytics in Frameworks */,
				D248599F28D28EAF00E4AB5F /* FirebaseAuth in Frameworks */,
				D248599B28D28EAF00E4AB5F /* FirebaseAnalytics in Frameworks */,
				D24859A728D28EAF00E4AB5F /* FirebaseFirestore in Frameworks */,
				D24859A928D28EAF00E4AB5F /* FirebaseFirestoreSwift in Frameworks */,
			);
			runOnlyForDeploymentPostprocessing = 0;
		};
/* End PBXFrameworksBuildPhase section */

/* Begin PBXGroup section */
		5F2983E028A1765600D60CBB /* PerfilUser */ = {
			isa = PBXGroup;
			children = (
				5F2983E528A1768D00D60CBB /* Interactor */,
				5F2983E428A1768200D60CBB /* Presenter */,
				5F2983E328A1767A00D60CBB /* Protocol */,
				5F2983E228A1767100D60CBB /* Router */,
				5F2983E128A1766700D60CBB /* View */,
			);
			path = PerfilUser;
			sourceTree = "<group>";
		};
		5F2983E128A1766700D60CBB /* View */ = {
			isa = PBXGroup;
			children = (
				5F2983EC28A17AC500D60CBB /* PerfilUserViewController.swift */,
			);
			path = View;
			sourceTree = "<group>";
		};
		5F2983E228A1767100D60CBB /* Router */ = {
			isa = PBXGroup;
			children = (
				5F2983E628A176EF00D60CBB /* PerfilUserRouter.swift */,
			);
			path = Router;
			sourceTree = "<group>";
		};
		5F2983E328A1767A00D60CBB /* Protocol */ = {
			isa = PBXGroup;
			children = (
				5F2983E828A1773F00D60CBB /* PerfilUserProtocols.swift */,
			);
			path = Protocol;
			sourceTree = "<group>";
		};
		5F2983E428A1768200D60CBB /* Presenter */ = {
			isa = PBXGroup;
			children = (
				5F2983EE28A17B1800D60CBB /* PerfilUserPresenter.swift */,
			);
			path = Presenter;
			sourceTree = "<group>";
		};
		5F2983E528A1768D00D60CBB /* Interactor */ = {
			isa = PBXGroup;
			children = (
				5F2983F028A17BEC00D60CBB /* PerfilUserIntercator.swift */,
			);
			path = Interactor;
			sourceTree = "<group>";
		};
		5F66D7DD289D9A890014FEDD = {
			isa = PBXGroup;
			children = (
				5F66D7E8289D9A890014FEDD /* Citas */,
				5F66D7E7289D9A890014FEDD /* Products */,
			);
			sourceTree = "<group>";
		};
		5F66D7E7289D9A890014FEDD /* Products */ = {
			isa = PBXGroup;
			children = (
				5F66D7E6289D9A890014FEDD /* Citas.app */,
			);
			name = Products;
			sourceTree = "<group>";
		};
		5F66D7E8289D9A890014FEDD /* Citas */ = {
			isa = PBXGroup;
			children = (
				5F66D801289DA0580014FEDD /* Moduls */,
				5F66D800289D9FA80014FEDD /* Config */,
				5F66D7FF289D9F170014FEDD /* Storyboards */,
				5F66D7FD289D9E920014FEDD /* Utils */,
				5F66D7ED289D9A890014FEDD /* ViewController.swift */,
				5F66D7F2289D9A8A0014FEDD /* Assets.xcassets */,
				5F66D7F7289D9A8A0014FEDD /* Info.plist */,
				D248599728D28E0900E4AB5F /* GoogleService-Info.plist */,
			);
			path = Citas;
			sourceTree = "<group>";
		};
		5F66D7FD289D9E920014FEDD /* Utils */ = {
			isa = PBXGroup;
			children = (
				5FF698EC289EB8C700F1A9A6 /* Extentions.swift */,
			);
			path = Utils;
			sourceTree = "<group>";
		};
		5F66D7FF289D9F170014FEDD /* Storyboards */ = {
			isa = PBXGroup;
			children = (
				5F66D7EF289D9A890014FEDD /* Main.storyboard */,
				5F66D7F4289D9A8A0014FEDD /* LaunchScreen.storyboard */,
				D260CF0628DA11D700F86223 /* Login.storyboard */,
			);
			path = Storyboards;
			sourceTree = "<group>";
		};
		5F66D800289D9FA80014FEDD /* Config */ = {
			isa = PBXGroup;
			children = (
				5F66D7EB289D9A890014FEDD /* SceneDelegate.swift */,
				5F66D7E9289D9A890014FEDD /* AppDelegate.swift */,
			);
			path = Config;
			sourceTree = "<group>";
		};
		5F66D801289DA0580014FEDD /* Moduls */ = {
			isa = PBXGroup;
			children = (
				D260CF0428DA11C700F86223 /* Login */,
				D260CF1328DA179C00F86223 /* Router */,
				5F2983E028A1765600D60CBB /* PerfilUser */,
				5F66D802289DA7950014FEDD /* Main */,
			);
			path = Moduls;
			sourceTree = "<group>";
		};
		5F66D802289DA7950014FEDD /* Main */ = {
			isa = PBXGroup;
			children = (
				5F66D804289DA80C0014FEDD /* View */,
				5F66D809289DA8400014FEDD /* Interactor */,
				5F66D80A289DA84B0014FEDD /* Presenter */,
				5F66D807289DA8260014FEDD /* Protocol */,
				5F66D803289DA7FF0014FEDD /* Entity */,
				5F66D805289DA8140014FEDD /* Router */,
			);
			path = Main;
			sourceTree = "<group>";
		};
		5F66D803289DA7FF0014FEDD /* Entity */ = {
			isa = PBXGroup;
			children = (
				5F66D817289DC76E0014FEDD /* Cells */,
				5F66D80D289DAAD70014FEDD /* UserEntity.swift */,
			);
			path = Entity;
			sourceTree = "<group>";
		};
		5F66D804289DA80C0014FEDD /* View */ = {
			isa = PBXGroup;
			children = (
				5F66D80F289DAE740014FEDD /* MainView.swift */,
			);
			path = View;
			sourceTree = "<group>";
		};
		5F66D805289DA8140014FEDD /* Router */ = {
			isa = PBXGroup;
			children = (
				5F66D815289DC23B0014FEDD /* MainRouter.swift */,
			);
			path = Router;
			sourceTree = "<group>";
		};
		5F66D807289DA8260014FEDD /* Protocol */ = {
			isa = PBXGroup;
			children = (
				5F66D80B289DA8DA0014FEDD /* MainProtocols.swift */,
			);
			path = Protocol;
			sourceTree = "<group>";
		};
		5F66D809289DA8400014FEDD /* Interactor */ = {
			isa = PBXGroup;
			children = (
				5F66D813289DBAFF0014FEDD /* MainInteractor.swift */,
			);
			path = Interactor;
			sourceTree = "<group>";
		};
		5F66D80A289DA84B0014FEDD /* Presenter */ = {
			isa = PBXGroup;
			children = (
				5F66D811289DB9760014FEDD /* MainPresenter.swift */,
			);
			path = Presenter;
			sourceTree = "<group>";
		};
		5F66D817289DC76E0014FEDD /* Cells */ = {
			isa = PBXGroup;
			children = (
				5F66D818289DC7A50014FEDD /* CollectionViewCell.swift */,
			);
			path = Cells;
			sourceTree = "<group>";
		};
		D260CF0428DA11C700F86223 /* Login */ = {
			isa = PBXGroup;
			children = (
				D260CF0528DA11CD00F86223 /* View */,
				D260CF0A28DA158800F86223 /* Interactor */,
				D260CF1028DA177600F86223 /* Protocols */,
				D260CF0D28DA174D00F86223 /* Presenter */,
			);
			path = Login;
			sourceTree = "<group>";
		};
		D260CF0528DA11CD00F86223 /* View */ = {
			isa = PBXGroup;
			children = (
				D260CF0828DA11F200F86223 /* LoginViewController.swift */,
			);
			path = View;
			sourceTree = "<group>";
		};
		D260CF0A28DA158800F86223 /* Interactor */ = {
			isa = PBXGroup;
			children = (
				D260CF0B28DA15A300F86223 /* LoginInteractor.swift */,
			);
			path = Interactor;
			sourceTree = "<group>";
		};
		D260CF0D28DA174D00F86223 /* Presenter */ = {
			isa = PBXGroup;
			children = (
				D260CF0E28DA175900F86223 /* LoginPresenter.swift */,
			);
			path = Presenter;
			sourceTree = "<group>";
		};
		D260CF1028DA177600F86223 /* Protocols */ = {
			isa = PBXGroup;
			children = (
				D260CF1128DA178100F86223 /* LoginProtocols.swift */,
			);
			path = Protocols;
			sourceTree = "<group>";
		};
		D260CF1328DA179C00F86223 /* Router */ = {
			isa = PBXGroup;
			children = (
				D260CF1428DA17A600F86223 /* LoginRouter.swift */,
			);
			path = Router;
			sourceTree = "<group>";
		};
/* End PBXGroup section */

/* Begin PBXNativeTarget section */
		5F66D7E5289D9A890014FEDD /* Citas */ = {
			isa = PBXNativeTarget;
			buildConfigurationList = 5F66D7FA289D9A8A0014FEDD /* Build configuration list for PBXNativeTarget "Citas" */;
			buildPhases = (
				5F66D7E2289D9A890014FEDD /* Sources */,
				5F66D7E3289D9A890014FEDD /* Frameworks */,
				5F66D7E4289D9A890014FEDD /* Resources */,
				D24859AC28D2926800E4AB5F /* Swift Lint */,
			);
			buildRules = (
			);
			dependencies = (
			);
			name = Citas;
			packageProductDependencies = (
				D248599A28D28EAF00E4AB5F /* FirebaseAnalytics */,
				D248599C28D28EAF00E4AB5F /* FirebaseAnalyticsSwift */,
				D248599E28D28EAF00E4AB5F /* FirebaseAuth */,
				D24859A028D28EAF00E4AB5F /* FirebaseCrashlytics */,
				D24859A228D28EAF00E4AB5F /* FirebaseDatabase */,
				D24859A428D28EAF00E4AB5F /* FirebaseDatabaseSwift */,
				D24859A628D28EAF00E4AB5F /* FirebaseFirestore */,
				D24859A828D28EAF00E4AB5F /* FirebaseFirestoreSwift */,
				D24859AA28D28EAF00E4AB5F /* FirebaseStorage */,
			);
			productName = Citas;
			productReference = 5F66D7E6289D9A890014FEDD /* Citas.app */;
			productType = "com.apple.product-type.application";
		};
/* End PBXNativeTarget section */

/* Begin PBXProject section */
		5F66D7DE289D9A890014FEDD /* Project object */ = {
			isa = PBXProject;
			attributes = {
				BuildIndependentTargetsInParallel = 1;
				LastSwiftUpdateCheck = 1340;
				LastUpgradeCheck = 1340;
				TargetAttributes = {
					5F66D7E5289D9A890014FEDD = {
						CreatedOnToolsVersion = 13.4.1;
					};
				};
			};
			buildConfigurationList = 5F66D7E1289D9A890014FEDD /* Build configuration list for PBXProject "Citas" */;
			compatibilityVersion = "Xcode 13.0";
			developmentRegion = en;
			hasScannedForEncodings = 0;
			knownRegions = (
				en,
				Base,
			);
			mainGroup = 5F66D7DD289D9A890014FEDD;
			packageReferences = (
				D248599928D28EAF00E4AB5F /* XCRemoteSwiftPackageReference "firebase-ios-sdk" */,
			);
			productRefGroup = 5F66D7E7289D9A890014FEDD /* Products */;
			projectDirPath = "";
			projectRoot = "";
			targets = (
				5F66D7E5289D9A890014FEDD /* Citas */,
			);
		};
/* End PBXProject section */

/* Begin PBXResourcesBuildPhase section */
		5F66D7E4289D9A890014FEDD /* Resources */ = {
			isa = PBXResourcesBuildPhase;
			buildActionMask = 2147483647;
			files = (
				5F66D7F6289D9A8A0014FEDD /* LaunchScreen.storyboard in Resources */,
				D248599828D28E0900E4AB5F /* GoogleService-Info.plist in Resources */,
				5F66D7F3289D9A8A0014FEDD /* Assets.xcassets in Resources */,
				D260CF0728DA11D700F86223 /* Login.storyboard in Resources */,
				5F66D7F1289D9A890014FEDD /* Main.storyboard in Resources */,
			);
			runOnlyForDeploymentPostprocessing = 0;
		};
/* End PBXResourcesBuildPhase section */

/* Begin PBXShellScriptBuildPhase section */
		D24859AC28D2926800E4AB5F /* Swift Lint */ = {
			isa = PBXShellScriptBuildPhase;
			buildActionMask = 2147483647;
			files = (
			);
			inputFileListPaths = (
			);
			inputPaths = (
			);
			name = "Swift Lint";
			outputFileListPaths = (
			);
			outputPaths = (
			);
			runOnlyForDeploymentPostprocessing = 0;
			shellPath = /bin/sh;
			shellScript = "# Type a script or drag a script file from your workspace to insert its path.\nif which swiftlint >/dev/null; then swiftlint\nelse\necho \"warning: SwiftLint not installed, download from https://github.com/realm/SwiftLint\"\nfi\n";
		};
/* End PBXShellScriptBuildPhase section */

/* Begin PBXSourcesBuildPhase section */
		5F66D7E2289D9A890014FEDD /* Sources */ = {
			isa = PBXSourcesBuildPhase;
			buildActionMask = 2147483647;
			files = (
				5F66D819289DC7A50014FEDD /* CollectionViewCell.swift in Sources */,
				D260CF1228DA178100F86223 /* LoginProtocols.swift in Sources */,
				5F2983F128A17BEC00D60CBB /* PerfilUserIntercator.swift in Sources */,
				5F66D80C289DA8DA0014FEDD /* MainProtocols.swift in Sources */,
				5F2983EF28A17B1800D60CBB /* PerfilUserPresenter.swift in Sources */,
				D260CF1528DA17A600F86223 /* LoginRouter.swift in Sources */,
				D260CF0F28DA175900F86223 /* LoginPresenter.swift in Sources */,
				5F66D810289DAE740014FEDD /* MainView.swift in Sources */,
				5FF698ED289EB8C700F1A9A6 /* Extentions.swift in Sources */,
				5F66D7EE289D9A890014FEDD /* ViewController.swift in Sources */,
				5F2983ED28A17AC500D60CBB /* PerfilUserViewController.swift in Sources */,
				D260CF0C28DA15A300F86223 /* LoginInteractor.swift in Sources */,
				5F66D7EA289D9A890014FEDD /* AppDelegate.swift in Sources */,
				5F66D80E289DAAD70014FEDD /* UserEntity.swift in Sources */,
				5F66D812289DB9760014FEDD /* MainPresenter.swift in Sources */,
				5F66D7EC289D9A890014FEDD /* SceneDelegate.swift in Sources */,
				5F66D814289DBAFF0014FEDD /* MainInteractor.swift in Sources */,
				D260CF0928DA11F200F86223 /* LoginViewController.swift in Sources */,
				5F66D816289DC23B0014FEDD /* MainRouter.swift in Sources */,
				5F2983E928A1773F00D60CBB /* PerfilUserProtocols.swift in Sources */,
				5F2983E728A176EF00D60CBB /* PerfilUserRouter.swift in Sources */,
			);
			runOnlyForDeploymentPostprocessing = 0;
		};
/* End PBXSourcesBuildPhase section */

/* Begin PBXVariantGroup section */
		5F66D7EF289D9A890014FEDD /* Main.storyboard */ = {
			isa = PBXVariantGroup;
			children = (
				5F66D7F0289D9A890014FEDD /* Base */,
			);
			name = Main.storyboard;
			sourceTree = "<group>";
		};
		5F66D7F4289D9A8A0014FEDD /* LaunchScreen.storyboard */ = {
			isa = PBXVariantGroup;
			children = (
				5F66D7F5289D9A8A0014FEDD /* Base */,
			);
			name = LaunchScreen.storyboard;
			sourceTree = "<group>";
		};
/* End PBXVariantGroup section */

/* Begin XCBuildConfiguration section */
		5F66D7F8289D9A8A0014FEDD /* Debug */ = {
			isa = XCBuildConfiguration;
			buildSettings = {
				ALWAYS_SEARCH_USER_PATHS = NO;
				CLANG_ANALYZER_NONNULL = YES;
				CLANG_ANALYZER_NUMBER_OBJECT_CONVERSION = YES_AGGRESSIVE;
				CLANG_CXX_LANGUAGE_STANDARD = "gnu++17";
				CLANG_ENABLE_MODULES = YES;
				CLANG_ENABLE_OBJC_ARC = YES;
				CLANG_ENABLE_OBJC_WEAK = YES;
				CLANG_WARN_BLOCK_CAPTURE_AUTORELEASING = YES;
				CLANG_WARN_BOOL_CONVERSION = YES;
				CLANG_WARN_COMMA = YES;
				CLANG_WARN_CONSTANT_CONVERSION = YES;
				CLANG_WARN_DEPRECATED_OBJC_IMPLEMENTATIONS = YES;
				CLANG_WARN_DIRECT_OBJC_ISA_USAGE = YES_ERROR;
				CLANG_WARN_DOCUMENTATION_COMMENTS = YES;
				CLANG_WARN_EMPTY_BODY = YES;
				CLANG_WARN_ENUM_CONVERSION = YES;
				CLANG_WARN_INFINITE_RECURSION = YES;
				CLANG_WARN_INT_CONVERSION = YES;
				CLANG_WARN_NON_LITERAL_NULL_CONVERSION = YES;
				CLANG_WARN_OBJC_IMPLICIT_RETAIN_SELF = YES;
				CLANG_WARN_OBJC_LITERAL_CONVERSION = YES;
				CLANG_WARN_OBJC_ROOT_CLASS = YES_ERROR;
				CLANG_WARN_QUOTED_INCLUDE_IN_FRAMEWORK_HEADER = YES;
				CLANG_WARN_RANGE_LOOP_ANALYSIS = YES;
				CLANG_WARN_STRICT_PROTOTYPES = YES;
				CLANG_WARN_SUSPICIOUS_MOVE = YES;
				CLANG_WARN_UNGUARDED_AVAILABILITY = YES_AGGRESSIVE;
				CLANG_WARN_UNREACHABLE_CODE = YES;
				CLANG_WARN__DUPLICATE_METHOD_MATCH = YES;
				COPY_PHASE_STRIP = NO;
				DEBUG_INFORMATION_FORMAT = dwarf;
				ENABLE_STRICT_OBJC_MSGSEND = YES;
				ENABLE_TESTABILITY = YES;
				GCC_C_LANGUAGE_STANDARD = gnu11;
				GCC_DYNAMIC_NO_PIC = NO;
				GCC_NO_COMMON_BLOCKS = YES;
				GCC_OPTIMIZATION_LEVEL = 0;
				GCC_PREPROCESSOR_DEFINITIONS = (
					"DEBUG=1",
					"$(inherited)",
				);
				GCC_WARN_64_TO_32_BIT_CONVERSION = YES;
				GCC_WARN_ABOUT_RETURN_TYPE = YES_ERROR;
				GCC_WARN_UNDECLARED_SELECTOR = YES;
				GCC_WARN_UNINITIALIZED_AUTOS = YES_AGGRESSIVE;
				GCC_WARN_UNUSED_FUNCTION = YES;
				GCC_WARN_UNUSED_VARIABLE = YES;
				IPHONEOS_DEPLOYMENT_TARGET = 15.5;
				MTL_ENABLE_DEBUG_INFO = INCLUDE_SOURCE;
				MTL_FAST_MATH = YES;
				ONLY_ACTIVE_ARCH = YES;
				SDKROOT = iphoneos;
				SWIFT_ACTIVE_COMPILATION_CONDITIONS = DEBUG;
				SWIFT_OPTIMIZATION_LEVEL = "-Onone";
			};
			name = Debug;
		};
		5F66D7F9289D9A8A0014FEDD /* Release */ = {
			isa = XCBuildConfiguration;
			buildSettings = {
				ALWAYS_SEARCH_USER_PATHS = NO;
				CLANG_ANALYZER_NONNULL = YES;
				CLANG_ANALYZER_NUMBER_OBJECT_CONVERSION = YES_AGGRESSIVE;
				CLANG_CXX_LANGUAGE_STANDARD = "gnu++17";
				CLANG_ENABLE_MODULES = YES;
				CLANG_ENABLE_OBJC_ARC = YES;
				CLANG_ENABLE_OBJC_WEAK = YES;
				CLANG_WARN_BLOCK_CAPTURE_AUTORELEASING = YES;
				CLANG_WARN_BOOL_CONVERSION = YES;
				CLANG_WARN_COMMA = YES;
				CLANG_WARN_CONSTANT_CONVERSION = YES;
				CLANG_WARN_DEPRECATED_OBJC_IMPLEMENTATIONS = YES;
				CLANG_WARN_DIRECT_OBJC_ISA_USAGE = YES_ERROR;
				CLANG_WARN_DOCUMENTATION_COMMENTS = YES;
				CLANG_WARN_EMPTY_BODY = YES;
				CLANG_WARN_ENUM_CONVERSION = YES;
				CLANG_WARN_INFINITE_RECURSION = YES;
				CLANG_WARN_INT_CONVERSION = YES;
				CLANG_WARN_NON_LITERAL_NULL_CONVERSION = YES;
				CLANG_WARN_OBJC_IMPLICIT_RETAIN_SELF = YES;
				CLANG_WARN_OBJC_LITERAL_CONVERSION = YES;
				CLANG_WARN_OBJC_ROOT_CLASS = YES_ERROR;
				CLANG_WARN_QUOTED_INCLUDE_IN_FRAMEWORK_HEADER = YES;
				CLANG_WARN_RANGE_LOOP_ANALYSIS = YES;
				CLANG_WARN_STRICT_PROTOTYPES = YES;
				CLANG_WARN_SUSPICIOUS_MOVE = YES;
				CLANG_WARN_UNGUARDED_AVAILABILITY = YES_AGGRESSIVE;
				CLANG_WARN_UNREACHABLE_CODE = YES;
				CLANG_WARN__DUPLICATE_METHOD_MATCH = YES;
				COPY_PHASE_STRIP = NO;
				DEBUG_INFORMATION_FORMAT = "dwarf-with-dsym";
				ENABLE_NS_ASSERTIONS = NO;
				ENABLE_STRICT_OBJC_MSGSEND = YES;
				GCC_C_LANGUAGE_STANDARD = gnu11;
				GCC_NO_COMMON_BLOCKS = YES;
				GCC_WARN_64_TO_32_BIT_CONVERSION = YES;
				GCC_WARN_ABOUT_RETURN_TYPE = YES_ERROR;
				GCC_WARN_UNDECLARED_SELECTOR = YES;
				GCC_WARN_UNINITIALIZED_AUTOS = YES_AGGRESSIVE;
				GCC_WARN_UNUSED_FUNCTION = YES;
				GCC_WARN_UNUSED_VARIABLE = YES;
				IPHONEOS_DEPLOYMENT_TARGET = 15.5;
				MTL_ENABLE_DEBUG_INFO = NO;
				MTL_FAST_MATH = YES;
				SDKROOT = iphoneos;
				SWIFT_COMPILATION_MODE = wholemodule;
				SWIFT_OPTIMIZATION_LEVEL = "-O";
				VALIDATE_PRODUCT = YES;
			};
			name = Release;
		};
		5F66D7FB289D9A8A0014FEDD /* Debug */ = {
			isa = XCBuildConfiguration;
			buildSettings = {
				ASSETCATALOG_COMPILER_APPICON_NAME = AppIcon;
				ASSETCATALOG_COMPILER_GLOBAL_ACCENT_COLOR_NAME = AccentColor;
				CODE_SIGN_STYLE = Automatic;
				CURRENT_PROJECT_VERSION = 1;
				GENERATE_INFOPLIST_FILE = YES;
				INFOPLIST_FILE = Citas/Info.plist;
				INFOPLIST_KEY_UIApplicationSupportsIndirectInputEvents = YES;
				INFOPLIST_KEY_UILaunchStoryboardName = LaunchScreen;
				INFOPLIST_KEY_UIMainStoryboardFile = Main;
				INFOPLIST_KEY_UISupportedInterfaceOrientations_iPad = "UIInterfaceOrientationPortrait UIInterfaceOrientationPortraitUpsideDown UIInterfaceOrientationLandscapeLeft UIInterfaceOrientationLandscapeRight";
				INFOPLIST_KEY_UISupportedInterfaceOrientations_iPhone = "UIInterfaceOrientationPortrait UIInterfaceOrientationLandscapeLeft UIInterfaceOrientationLandscapeRight";
				LD_RUNPATH_SEARCH_PATHS = (
					"$(inherited)",
					"@executable_path/Frameworks",
				);
				MARKETING_VERSION = 1.0;
				PRODUCT_BUNDLE_IDENTIFIER = test.Citas;
				PRODUCT_NAME = "$(TARGET_NAME)";
				SWIFT_EMIT_LOC_STRINGS = YES;
				SWIFT_VERSION = 5.0;
				TARGETED_DEVICE_FAMILY = "1,2";
			};
			name = Debug;
		};
		5F66D7FC289D9A8A0014FEDD /* Release */ = {
			isa = XCBuildConfiguration;
			buildSettings = {
				ASSETCATALOG_COMPILER_APPICON_NAME = AppIcon;
				ASSETCATALOG_COMPILER_GLOBAL_ACCENT_COLOR_NAME = AccentColor;
				CODE_SIGN_STYLE = Automatic;
				CURRENT_PROJECT_VERSION = 1;
				GENERATE_INFOPLIST_FILE = YES;
				INFOPLIST_FILE = Citas/Info.plist;
				INFOPLIST_KEY_UIApplicationSupportsIndirectInputEvents = YES;
				INFOPLIST_KEY_UILaunchStoryboardName = LaunchScreen;
				INFOPLIST_KEY_UIMainStoryboardFile = Main;
				INFOPLIST_KEY_UISupportedInterfaceOrientations_iPad = "UIInterfaceOrientationPortrait UIInterfaceOrientationPortraitUpsideDown UIInterfaceOrientationLandscapeLeft UIInterfaceOrientationLandscapeRight";
				INFOPLIST_KEY_UISupportedInterfaceOrientations_iPhone = "UIInterfaceOrientationPortrait UIInterfaceOrientationLandscapeLeft UIInterfaceOrientationLandscapeRight";
				LD_RUNPATH_SEARCH_PATHS = (
					"$(inherited)",
					"@executable_path/Frameworks",
				);
				MARKETING_VERSION = 1.0;
				PRODUCT_BUNDLE_IDENTIFIER = test.Citas;
				PRODUCT_NAME = "$(TARGET_NAME)";
				SWIFT_EMIT_LOC_STRINGS = YES;
				SWIFT_VERSION = 5.0;
				TARGETED_DEVICE_FAMILY = "1,2";
			};
			name = Release;
		};
/* End XCBuildConfiguration section */

/* Begin XCConfigurationList section */
		5F66D7E1289D9A890014FEDD /* Build configuration list for PBXProject "Citas" */ = {
			isa = XCConfigurationList;
			buildConfigurations = (
				5F66D7F8289D9A8A0014FEDD /* Debug */,
				5F66D7F9289D9A8A0014FEDD /* Release */,
			);
			defaultConfigurationIsVisible = 0;
			defaultConfigurationName = Release;
		};
		5F66D7FA289D9A8A0014FEDD /* Build configuration list for PBXNativeTarget "Citas" */ = {
			isa = XCConfigurationList;
			buildConfigurations = (
				5F66D7FB289D9A8A0014FEDD /* Debug */,
				5F66D7FC289D9A8A0014FEDD /* Release */,
			);
			defaultConfigurationIsVisible = 0;
			defaultConfigurationName = Release;
		};
/* End XCConfigurationList section */

/* Begin XCRemoteSwiftPackageReference section */
		D248599928D28EAF00E4AB5F /* XCRemoteSwiftPackageReference "firebase-ios-sdk" */ = {
			isa = XCRemoteSwiftPackageReference;
			repositoryURL = "https://github.com/firebase/firebase-ios-sdk";
			requirement = {
				branch = master;
				kind = branch;
			};
		};
/* End XCRemoteSwiftPackageReference section */

/* Begin XCSwiftPackageProductDependency section */
		D248599A28D28EAF00E4AB5F /* FirebaseAnalytics */ = {
			isa = XCSwiftPackageProductDependency;
			package = D248599928D28EAF00E4AB5F /* XCRemoteSwiftPackageReference "firebase-ios-sdk" */;
			productName = FirebaseAnalytics;
		};
		D248599C28D28EAF00E4AB5F /* FirebaseAnalyticsSwift */ = {
			isa = XCSwiftPackageProductDependency;
			package = D248599928D28EAF00E4AB5F /* XCRemoteSwiftPackageReference "firebase-ios-sdk" */;
			productName = FirebaseAnalyticsSwift;
		};
		D248599E28D28EAF00E4AB5F /* FirebaseAuth */ = {
			isa = XCSwiftPackageProductDependency;
			package = D248599928D28EAF00E4AB5F /* XCRemoteSwiftPackageReference "firebase-ios-sdk" */;
			productName = FirebaseAuth;
		};
		D24859A028D28EAF00E4AB5F /* FirebaseCrashlytics */ = {
			isa = XCSwiftPackageProductDependency;
			package = D248599928D28EAF00E4AB5F /* XCRemoteSwiftPackageReference "firebase-ios-sdk" */;
			productName = FirebaseCrashlytics;
		};
		D24859A228D28EAF00E4AB5F /* FirebaseDatabase */ = {
			isa = XCSwiftPackageProductDependency;
			package = D248599928D28EAF00E4AB5F /* XCRemoteSwiftPackageReference "firebase-ios-sdk" */;
			productName = FirebaseDatabase;
		};
		D24859A428D28EAF00E4AB5F /* FirebaseDatabaseSwift */ = {
			isa = XCSwiftPackageProductDependency;
			package = D248599928D28EAF00E4AB5F /* XCRemoteSwiftPackageReference "firebase-ios-sdk" */;
			productName = FirebaseDatabaseSwift;
		};
		D24859A628D28EAF00E4AB5F /* FirebaseFirestore */ = {
			isa = XCSwiftPackageProductDependency;
			package = D248599928D28EAF00E4AB5F /* XCRemoteSwiftPackageReference "firebase-ios-sdk" */;
			productName = FirebaseFirestore;
		};
		D24859A828D28EAF00E4AB5F /* FirebaseFirestoreSwift */ = {
			isa = XCSwiftPackageProductDependency;
			package = D248599928D28EAF00E4AB5F /* XCRemoteSwiftPackageReference "firebase-ios-sdk" */;
			productName = FirebaseFirestoreSwift;
		};
		D24859AA28D28EAF00E4AB5F /* FirebaseStorage */ = {
			isa = XCSwiftPackageProductDependency;
			package = D248599928D28EAF00E4AB5F /* XCRemoteSwiftPackageReference "firebase-ios-sdk" */;
			productName = FirebaseStorage;
		};
/* End XCSwiftPackageProductDependency section */
	};
	rootObject = 5F66D7DE289D9A890014FEDD /* Project object */;
}
