// !$*UTF8*$!
{
	archiveVersion = 1;
	classes = {
	};
	objectVersion = 55;
	objects = {

/* Begin PBXBuildFile section */
		5F2983E728A176EF00D60CBB /* PerfilUserRouter.swift in Sources */ = {isa = PBXBuildFile; fileRef = 5F2983E628A176EF00D60CBB /* PerfilUserRouter.swift */; };
		5F2983E928A1773F00D60CBB /* PerfilUserProtocols.swift in Sources */ = {isa = PBXBuildFile; fileRef = 5F2983E828A1773F00D60CBB /* PerfilUserProtocols.swift */; };
		5F2983ED28A17AC500D60CBB /* PerfilUserViewController.swift in Sources */ = {isa = PBXBuildFile; fileRef = 5F2983EC28A17AC500D60CBB /* PerfilUserViewController.swift */; };
		5F2983EF28A17B1800D60CBB /* PerfilUserPresenter.swift in Sources */ = {isa = PBXBuildFile; fileRef = 5F2983EE28A17B1800D60CBB /* PerfilUserPresenter.swift */; };
		5F2983F128A17BEC00D60CBB /* PerfilUserIntercator.swift in Sources */ = {isa = PBXBuildFile; fileRef = 5F2983F028A17BEC00D60CBB /* PerfilUserIntercator.swift */; };
		5F66D7EA289D9A890014FEDD /* AppDelegate.swift in Sources */ = {isa = PBXBuildFile; fileRef = 5F66D7E9289D9A890014FEDD /* AppDelegate.swift */; };
		5F66D7EC289D9A890014FEDD /* SceneDelegate.swift in Sources */ = {isa = PBXBuildFile; fileRef = 5F66D7EB289D9A890014FEDD /* SceneDelegate.swift */; };
		5F66D7EE289D9A890014FEDD /* ViewController.swift in Sources */ = {isa = PBXBuildFile; fileRef = 5F66D7ED289D9A890014FEDD /* ViewController.swift */; };
		5F66D7F1289D9A890014FEDD /* Main.storyboard in Resources */ = {isa = PBXBuildFile; fileRef = 5F66D7EF289D9A890014FEDD /* Main.storyboard */; };
		5F66D7F3289D9A8A0014FEDD /* Assets.xcassets in Resources */ = {isa = PBXBuildFile; fileRef = 5F66D7F2289D9A8A0014FEDD /* Assets.xcassets */; };
		5F66D7F6289D9A8A0014FEDD /* LaunchScreen.storyboard in Resources */ = {isa = PBXBuildFile; fileRef = 5F66D7F4289D9A8A0014FEDD /* LaunchScreen.storyboard */; };
		5F66D80C289DA8DA0014FEDD /* MainProtocols.swift in Sources */ = {isa = PBXBuildFile; fileRef = 5F66D80B289DA8DA0014FEDD /* MainProtocols.swift */; };
		5F66D80E289DAAD70014FEDD /* UserEntity.swift in Sources */ = {isa = PBXBuildFile; fileRef = 5F66D80D289DAAD70014FEDD /* UserEntity.swift */; };
		5F66D810289DAE740014FEDD /* MainView.swift in Sources */ = {isa = PBXBuildFile; fileRef = 5F66D80F289DAE740014FEDD /* MainView.swift */; };
		5F66D812289DB9760014FEDD /* MainPresenter.swift in Sources */ = {isa = PBXBuildFile; fileRef = 5F66D811289DB9760014FEDD /* MainPresenter.swift */; };
		5F66D814289DBAFF0014FEDD /* MainInteractor.swift in Sources */ = {isa = PBXBuildFile; fileRef = 5F66D813289DBAFF0014FEDD /* MainInteractor.swift */; };
		5F66D816289DC23B0014FEDD /* MainRouter.swift in Sources */ = {isa = PBXBuildFile; fileRef = 5F66D815289DC23B0014FEDD /* MainRouter.swift */; };
		5F66D819289DC7A50014FEDD /* CollectionViewCell.swift in Sources */ = {isa = PBXBuildFile; fileRef = 5F66D818289DC7A50014FEDD /* CollectionViewCell.swift */; };
		5FF698ED289EB8C700F1A9A6 /* Extentions.swift in Sources */ = {isa = PBXBuildFile; fileRef = 5FF698EC289EB8C700F1A9A6 /* Extentions.swift */; };
		D2020D8828DD67A700D564CD /* DatabaseManager.swift in Sources */ = {isa = PBXBuildFile; fileRef = D2020D8728DD67A700D564CD /* DatabaseManager.swift */; };
		D2020D8A28DD67E400D564CD /* StorageManager.swift in Sources */ = {isa = PBXBuildFile; fileRef = D2020D8928DD67E400D564CD /* StorageManager.swift */; };
		D2020D8D28DD688D00D564CD /* User.swift in Sources */ = {isa = PBXBuildFile; fileRef = D2020D8C28DD688D00D564CD /* User.swift */; };
		D2020D8F28DD690400D564CD /* Conversation.swift in Sources */ = {isa = PBXBuildFile; fileRef = D2020D8E28DD690400D564CD /* Conversation.swift */; };
		D2020D9328DD692E00D564CD /* Message.swift in Sources */ = {isa = PBXBuildFile; fileRef = D2020D9228DD692E00D564CD /* Message.swift */; };
		D2020D9528DD694500D564CD /* SearchResult.swift in Sources */ = {isa = PBXBuildFile; fileRef = D2020D9428DD694500D564CD /* SearchResult.swift */; };
		D2020D9728DD697000D564CD /* ProfileModel.swift in Sources */ = {isa = PBXBuildFile; fileRef = D2020D9628DD697000D564CD /* ProfileModel.swift */; };
		D2020D9A28DD6B1400D564CD /* ChatViewController.swift in Sources */ = {isa = PBXBuildFile; fileRef = D2020D9928DD6B1400D564CD /* ChatViewController.swift */; };
		D2020D9C28DD6CD300D564CD /* LocationPickerViewController.swift in Sources */ = {isa = PBXBuildFile; fileRef = D2020D9B28DD6CD300D564CD /* LocationPickerViewController.swift */; };
		D2020D9E28DD6D0200D564CD /* PhotoViewerViewController.swift in Sources */ = {isa = PBXBuildFile; fileRef = D2020D9D28DD6D0200D564CD /* PhotoViewerViewController.swift */; };
		D2020DA228DD6E0D00D564CD /* ExtensionDatabaseMAccount.swift in Sources */ = {isa = PBXBuildFile; fileRef = D2020DA128DD6E0D00D564CD /* ExtensionDatabaseMAccount.swift */; };
		D2020DA628DD71E700D564CD /* ConversationsViewController.swift in Sources */ = {isa = PBXBuildFile; fileRef = D2020DA528DD71E700D564CD /* ConversationsViewController.swift */; };
		D2020DA828DD721900D564CD /* NewConversationViewController.swift in Sources */ = {isa = PBXBuildFile; fileRef = D2020DA728DD721900D564CD /* NewConversationViewController.swift */; };
		D2020DAA28DD723900D564CD /* ProfileViewController.swift in Sources */ = {isa = PBXBuildFile; fileRef = D2020DA928DD723900D564CD /* ProfileViewController.swift */; };
		D2020DAC28DD726500D564CD /* ConversationTableViewCell.swift in Sources */ = {isa = PBXBuildFile; fileRef = D2020DAB28DD726500D564CD /* ConversationTableViewCell.swift */; };
		D2020DAE28DD728100D564CD /* NewConversationCell.swift in Sources */ = {isa = PBXBuildFile; fileRef = D2020DAD28DD728100D564CD /* NewConversationCell.swift */; };
		D248599828D28E0900E4AB5F /* GoogleService-Info.plist in Resources */ = {isa = PBXBuildFile; fileRef = D248599728D28E0900E4AB5F /* GoogleService-Info.plist */; };
		D252749B28DF95070016F435 /* LogoAnimationViewController.swift in Sources */ = {isa = PBXBuildFile; fileRef = D252749A28DF95070016F435 /* LogoAnimationViewController.swift */; };
		D260CF0728DA11D700F86223 /* Login.storyboard in Resources */ = {isa = PBXBuildFile; fileRef = D260CF0628DA11D700F86223 /* Login.storyboard */; };
		D260CF0928DA11F200F86223 /* LoginViewController.swift in Sources */ = {isa = PBXBuildFile; fileRef = D260CF0828DA11F200F86223 /* LoginViewController.swift */; };
		D260CF0C28DA15A300F86223 /* LoginInteractor.swift in Sources */ = {isa = PBXBuildFile; fileRef = D260CF0B28DA15A300F86223 /* LoginInteractor.swift */; };
		D260CF0F28DA175900F86223 /* LoginPresenter.swift in Sources */ = {isa = PBXBuildFile; fileRef = D260CF0E28DA175900F86223 /* LoginPresenter.swift */; };
		D260CF1228DA178100F86223 /* LoginProtocols.swift in Sources */ = {isa = PBXBuildFile; fileRef = D260CF1128DA178100F86223 /* LoginProtocols.swift */; };
		D260CF1528DA17A600F86223 /* LoginRouter.swift in Sources */ = {isa = PBXBuildFile; fileRef = D260CF1428DA17A600F86223 /* LoginRouter.swift */; };
		D260CF1928DA1BAC00F86223 /* RegisterViewController.swift in Sources */ = {isa = PBXBuildFile; fileRef = D260CF1828DA1BAC00F86223 /* RegisterViewController.swift */; };
		D260CF1B28DA1BEE00F86223 /* Register.storyboard in Resources */ = {isa = PBXBuildFile; fileRef = D260CF1A28DA1BEE00F86223 /* Register.storyboard */; };
		D260CF1E28DA1C7000F86223 /* RegisterInteractor.swift in Sources */ = {isa = PBXBuildFile; fileRef = D260CF1D28DA1C7000F86223 /* RegisterInteractor.swift */; };
		D260CF2228DA1CE400F86223 /* RegisterProtocols.swift in Sources */ = {isa = PBXBuildFile; fileRef = D260CF2128DA1CE400F86223 /* RegisterProtocols.swift */; };
		D260CF2528DA1D0F00F86223 /* RegisterPresenter.swift in Sources */ = {isa = PBXBuildFile; fileRef = D260CF2428DA1D0F00F86223 /* RegisterPresenter.swift */; };
		D260CF2828DA1D3900F86223 /* RegisterRouter.swift in Sources */ = {isa = PBXBuildFile; fileRef = D260CF2728DA1D3900F86223 /* RegisterRouter.swift */; };
		D266B68028DA5B4700757174 /* PageError.storyboard in Resources */ = {isa = PBXBuildFile; fileRef = D266B67F28DA5B4700757174 /* PageError.storyboard */; };
		D266B68A28DA5BB300757174 /* PageErrorViewController.swift in Sources */ = {isa = PBXBuildFile; fileRef = D266B68928DA5BB300757174 /* PageErrorViewController.swift */; };
		D266B68C28DA5BF300757174 /* PageErrorInteractor.swift in Sources */ = {isa = PBXBuildFile; fileRef = D266B68B28DA5BF300757174 /* PageErrorInteractor.swift */; };
		D266B68E28DA5C1600757174 /* PageErrorProtocols.swift in Sources */ = {isa = PBXBuildFile; fileRef = D266B68D28DA5C1600757174 /* PageErrorProtocols.swift */; };
		D266B69028DA5C3500757174 /* PageErrorPresenter.swift in Sources */ = {isa = PBXBuildFile; fileRef = D266B68F28DA5C3500757174 /* PageErrorPresenter.swift */; };
		D266B69228DA5C5100757174 /* PageErrorRouter.swift in Sources */ = {isa = PBXBuildFile; fileRef = D266B69128DA5C5100757174 /* PageErrorRouter.swift */; };
		D2D40A9E28E28616003C5635 /* extension.swift in Sources */ = {isa = PBXBuildFile; fileRef = D2D40A9D28E28616003C5635 /* extension.swift */; };
		D2D40AA028E2871D003C5635 /* extensionChatViewController.swift in Sources */ = {isa = PBXBuildFile; fileRef = D2D40A9F28E2871D003C5635 /* extensionChatViewController.swift */; };
		D2D40AA228E289DF003C5635 /* extensionDatabaseManager.swift in Sources */ = {isa = PBXBuildFile; fileRef = D2D40AA128E289DF003C5635 /* extensionDatabaseManager.swift */; };
		D2D40AA428E28A6E003C5635 /* extensionDBM.swift in Sources */ = {isa = PBXBuildFile; fileRef = D2D40AA328E28A6E003C5635 /* extensionDBM.swift */; };
		FF2944F0F2A23BA1470BC6EB /* Pods_Citas.framework in Frameworks */ = {isa = PBXBuildFile; fileRef = F45BFBE83136F12BF5FEA9B3 /* Pods_Citas.framework */; };
/* End PBXBuildFile section */

/* Begin PBXFileReference section */
		1F421F419BEE01081A72072F /* Pods-Citas.debug.xcconfig */ = {isa = PBXFileReference; includeInIndex = 1; lastKnownFileType = text.xcconfig; name = "Pods-Citas.debug.xcconfig"; path = "Target Support Files/Pods-Citas/Pods-Citas.debug.xcconfig"; sourceTree = "<group>"; };
		5F2983E628A176EF00D60CBB /* PerfilUserRouter.swift */ = {isa = PBXFileReference; lastKnownFileType = sourcecode.swift; path = PerfilUserRouter.swift; sourceTree = "<group>"; };
		5F2983E828A1773F00D60CBB /* PerfilUserProtocols.swift */ = {isa = PBXFileReference; lastKnownFileType = sourcecode.swift; path = PerfilUserProtocols.swift; sourceTree = "<group>"; };
		5F2983EC28A17AC500D60CBB /* PerfilUserViewController.swift */ = {isa = PBXFileReference; lastKnownFileType = sourcecode.swift; path = PerfilUserViewController.swift; sourceTree = "<group>"; };
		5F2983EE28A17B1800D60CBB /* PerfilUserPresenter.swift */ = {isa = PBXFileReference; lastKnownFileType = sourcecode.swift; path = PerfilUserPresenter.swift; sourceTree = "<group>"; };
		5F2983F028A17BEC00D60CBB /* PerfilUserIntercator.swift */ = {isa = PBXFileReference; lastKnownFileType = sourcecode.swift; path = PerfilUserIntercator.swift; sourceTree = "<group>"; };
		5F66D7E6289D9A890014FEDD /* Citas.app */ = {isa = PBXFileReference; explicitFileType = wrapper.application; includeInIndex = 0; path = Citas.app; sourceTree = BUILT_PRODUCTS_DIR; };
		5F66D7E9289D9A890014FEDD /* AppDelegate.swift */ = {isa = PBXFileReference; lastKnownFileType = sourcecode.swift; path = AppDelegate.swift; sourceTree = "<group>"; };
		5F66D7EB289D9A890014FEDD /* SceneDelegate.swift */ = {isa = PBXFileReference; lastKnownFileType = sourcecode.swift; path = SceneDelegate.swift; sourceTree = "<group>"; };
		5F66D7ED289D9A890014FEDD /* ViewController.swift */ = {isa = PBXFileReference; lastKnownFileType = sourcecode.swift; path = ViewController.swift; sourceTree = "<group>"; };
		5F66D7F0289D9A890014FEDD /* Base */ = {isa = PBXFileReference; lastKnownFileType = file.storyboard; name = Base; path = Base.lproj/Main.storyboard; sourceTree = "<group>"; };
		5F66D7F2289D9A8A0014FEDD /* Assets.xcassets */ = {isa = PBXFileReference; lastKnownFileType = folder.assetcatalog; path = Assets.xcassets; sourceTree = "<group>"; };
		5F66D7F5289D9A8A0014FEDD /* Base */ = {isa = PBXFileReference; lastKnownFileType = file.storyboard; name = Base; path = Base.lproj/LaunchScreen.storyboard; sourceTree = "<group>"; };
		5F66D7F7289D9A8A0014FEDD /* Info.plist */ = {isa = PBXFileReference; lastKnownFileType = text.plist.xml; path = Info.plist; sourceTree = "<group>"; };
		5F66D80B289DA8DA0014FEDD /* MainProtocols.swift */ = {isa = PBXFileReference; lastKnownFileType = sourcecode.swift; path = MainProtocols.swift; sourceTree = "<group>"; };
		5F66D80D289DAAD70014FEDD /* UserEntity.swift */ = {isa = PBXFileReference; lastKnownFileType = sourcecode.swift; path = UserEntity.swift; sourceTree = "<group>"; };
		5F66D80F289DAE740014FEDD /* MainView.swift */ = {isa = PBXFileReference; lastKnownFileType = sourcecode.swift; path = MainView.swift; sourceTree = "<group>"; };
		5F66D811289DB9760014FEDD /* MainPresenter.swift */ = {isa = PBXFileReference; lastKnownFileType = sourcecode.swift; path = MainPresenter.swift; sourceTree = "<group>"; };
		5F66D813289DBAFF0014FEDD /* MainInteractor.swift */ = {isa = PBXFileReference; lastKnownFileType = sourcecode.swift; path = MainInteractor.swift; sourceTree = "<group>"; };
		5F66D815289DC23B0014FEDD /* MainRouter.swift */ = {isa = PBXFileReference; lastKnownFileType = sourcecode.swift; path = MainRouter.swift; sourceTree = "<group>"; };
		5F66D818289DC7A50014FEDD /* CollectionViewCell.swift */ = {isa = PBXFileReference; lastKnownFileType = sourcecode.swift; path = CollectionViewCell.swift; sourceTree = "<group>"; };
		5FF698EC289EB8C700F1A9A6 /* Extentions.swift */ = {isa = PBXFileReference; lastKnownFileType = sourcecode.swift; path = Extentions.swift; sourceTree = "<group>"; };
		91EFE7DD35E2222384449E85 /* Pods-Citas.release.xcconfig */ = {isa = PBXFileReference; includeInIndex = 1; lastKnownFileType = text.xcconfig; name = "Pods-Citas.release.xcconfig"; path = "Target Support Files/Pods-Citas/Pods-Citas.release.xcconfig"; sourceTree = "<group>"; };
		D2020D8728DD67A700D564CD /* DatabaseManager.swift */ = {isa = PBXFileReference; lastKnownFileType = sourcecode.swift; path = DatabaseManager.swift; sourceTree = "<group>"; };
		D2020D8928DD67E400D564CD /* StorageManager.swift */ = {isa = PBXFileReference; lastKnownFileType = sourcecode.swift; path = StorageManager.swift; sourceTree = "<group>"; };
		D2020D8C28DD688D00D564CD /* User.swift */ = {isa = PBXFileReference; lastKnownFileType = sourcecode.swift; path = User.swift; sourceTree = "<group>"; };
		D2020D8E28DD690400D564CD /* Conversation.swift */ = {isa = PBXFileReference; lastKnownFileType = sourcecode.swift; path = Conversation.swift; sourceTree = "<group>"; };
		D2020D9228DD692E00D564CD /* Message.swift */ = {isa = PBXFileReference; lastKnownFileType = sourcecode.swift; path = Message.swift; sourceTree = "<group>"; };
		D2020D9428DD694500D564CD /* SearchResult.swift */ = {isa = PBXFileReference; lastKnownFileType = sourcecode.swift; path = SearchResult.swift; sourceTree = "<group>"; };
		D2020D9628DD697000D564CD /* ProfileModel.swift */ = {isa = PBXFileReference; lastKnownFileType = sourcecode.swift; path = ProfileModel.swift; sourceTree = "<group>"; };
		D2020D9928DD6B1400D564CD /* ChatViewController.swift */ = {isa = PBXFileReference; lastKnownFileType = sourcecode.swift; path = ChatViewController.swift; sourceTree = "<group>"; };
		D2020D9B28DD6CD300D564CD /* LocationPickerViewController.swift */ = {isa = PBXFileReference; lastKnownFileType = sourcecode.swift; path = LocationPickerViewController.swift; sourceTree = "<group>"; };
		D2020D9D28DD6D0200D564CD /* PhotoViewerViewController.swift */ = {isa = PBXFileReference; lastKnownFileType = sourcecode.swift; path = PhotoViewerViewController.swift; sourceTree = "<group>"; };
		D2020DA128DD6E0D00D564CD /* ExtensionDatabaseMAccount.swift */ = {isa = PBXFileReference; lastKnownFileType = sourcecode.swift; path = ExtensionDatabaseMAccount.swift; sourceTree = "<group>"; };
		D2020DA528DD71E700D564CD /* ConversationsViewController.swift */ = {isa = PBXFileReference; lastKnownFileType = sourcecode.swift; path = ConversationsViewController.swift; sourceTree = "<group>"; };
		D2020DA728DD721900D564CD /* NewConversationViewController.swift */ = {isa = PBXFileReference; lastKnownFileType = sourcecode.swift; path = NewConversationViewController.swift; sourceTree = "<group>"; };
		D2020DA928DD723900D564CD /* ProfileViewController.swift */ = {isa = PBXFileReference; lastKnownFileType = sourcecode.swift; path = ProfileViewController.swift; sourceTree = "<group>"; };
		D2020DAB28DD726500D564CD /* ConversationTableViewCell.swift */ = {isa = PBXFileReference; lastKnownFileType = sourcecode.swift; path = ConversationTableViewCell.swift; sourceTree = "<group>"; };
		D2020DAD28DD728100D564CD /* NewConversationCell.swift */ = {isa = PBXFileReference; lastKnownFileType = sourcecode.swift; path = NewConversationCell.swift; sourceTree = "<group>"; };
		D248599728D28E0900E4AB5F /* GoogleService-Info.plist */ = {isa = PBXFileReference; fileEncoding = 4; lastKnownFileType = text.plist.xml; path = "GoogleService-Info.plist"; sourceTree = "<group>"; };
		D252749A28DF95070016F435 /* LogoAnimationViewController.swift */ = {isa = PBXFileReference; lastKnownFileType = sourcecode.swift; path = LogoAnimationViewController.swift; sourceTree = "<group>"; };
		D260CF0628DA11D700F86223 /* Login.storyboard */ = {isa = PBXFileReference; lastKnownFileType = file.storyboard; path = Login.storyboard; sourceTree = "<group>"; };
		D260CF0828DA11F200F86223 /* LoginViewController.swift */ = {isa = PBXFileReference; lastKnownFileType = sourcecode.swift; path = LoginViewController.swift; sourceTree = "<group>"; };
		D260CF0B28DA15A300F86223 /* LoginInteractor.swift */ = {isa = PBXFileReference; lastKnownFileType = sourcecode.swift; path = LoginInteractor.swift; sourceTree = "<group>"; };
		D260CF0E28DA175900F86223 /* LoginPresenter.swift */ = {isa = PBXFileReference; lastKnownFileType = sourcecode.swift; path = LoginPresenter.swift; sourceTree = "<group>"; };
		D260CF1128DA178100F86223 /* LoginProtocols.swift */ = {isa = PBXFileReference; lastKnownFileType = sourcecode.swift; path = LoginProtocols.swift; sourceTree = "<group>"; };
		D260CF1428DA17A600F86223 /* LoginRouter.swift */ = {isa = PBXFileReference; lastKnownFileType = sourcecode.swift; path = LoginRouter.swift; sourceTree = "<group>"; };
		D260CF1828DA1BAC00F86223 /* RegisterViewController.swift */ = {isa = PBXFileReference; lastKnownFileType = sourcecode.swift; path = RegisterViewController.swift; sourceTree = "<group>"; };
		D260CF1A28DA1BEE00F86223 /* Register.storyboard */ = {isa = PBXFileReference; lastKnownFileType = file.storyboard; path = Register.storyboard; sourceTree = "<group>"; };
		D260CF1D28DA1C7000F86223 /* RegisterInteractor.swift */ = {isa = PBXFileReference; lastKnownFileType = sourcecode.swift; path = RegisterInteractor.swift; sourceTree = "<group>"; };
		D260CF2128DA1CE400F86223 /* RegisterProtocols.swift */ = {isa = PBXFileReference; lastKnownFileType = sourcecode.swift; path = RegisterProtocols.swift; sourceTree = "<group>"; };
		D260CF2428DA1D0F00F86223 /* RegisterPresenter.swift */ = {isa = PBXFileReference; lastKnownFileType = sourcecode.swift; path = RegisterPresenter.swift; sourceTree = "<group>"; };
		D260CF2728DA1D3900F86223 /* RegisterRouter.swift */ = {isa = PBXFileReference; lastKnownFileType = sourcecode.swift; path = RegisterRouter.swift; sourceTree = "<group>"; };
		D266B67F28DA5B4700757174 /* PageError.storyboard */ = {isa = PBXFileReference; lastKnownFileType = file.storyboard; path = PageError.storyboard; sourceTree = "<group>"; };
		D266B68928DA5BB300757174 /* PageErrorViewController.swift */ = {isa = PBXFileReference; lastKnownFileType = sourcecode.swift; path = PageErrorViewController.swift; sourceTree = "<group>"; };
		D266B68B28DA5BF300757174 /* PageErrorInteractor.swift */ = {isa = PBXFileReference; lastKnownFileType = sourcecode.swift; path = PageErrorInteractor.swift; sourceTree = "<group>"; };
		D266B68D28DA5C1600757174 /* PageErrorProtocols.swift */ = {isa = PBXFileReference; lastKnownFileType = sourcecode.swift; path = PageErrorProtocols.swift; sourceTree = "<group>"; };
		D266B68F28DA5C3500757174 /* PageErrorPresenter.swift */ = {isa = PBXFileReference; lastKnownFileType = sourcecode.swift; path = PageErrorPresenter.swift; sourceTree = "<group>"; };
		D266B69128DA5C5100757174 /* PageErrorRouter.swift */ = {isa = PBXFileReference; lastKnownFileType = sourcecode.swift; path = PageErrorRouter.swift; sourceTree = "<group>"; };
		D2D40A9D28E28616003C5635 /* extension.swift */ = {isa = PBXFileReference; lastKnownFileType = sourcecode.swift; path = extension.swift; sourceTree = "<group>"; };
		D2D40A9F28E2871D003C5635 /* extensionChatViewController.swift */ = {isa = PBXFileReference; lastKnownFileType = sourcecode.swift; path = extensionChatViewController.swift; sourceTree = "<group>"; };
		D2D40AA128E289DF003C5635 /* extensionDatabaseManager.swift */ = {isa = PBXFileReference; lastKnownFileType = sourcecode.swift; path = extensionDatabaseManager.swift; sourceTree = "<group>"; };
		D2D40AA328E28A6E003C5635 /* extensionDBM.swift */ = {isa = PBXFileReference; lastKnownFileType = sourcecode.swift; path = extensionDBM.swift; sourceTree = "<group>"; };
		F45BFBE83136F12BF5FEA9B3 /* Pods_Citas.framework */ = {isa = PBXFileReference; explicitFileType = wrapper.framework; includeInIndex = 0; path = Pods_Citas.framework; sourceTree = BUILT_PRODUCTS_DIR; };
/* End PBXFileReference section */

/* Begin PBXFrameworksBuildPhase section */
		5F66D7E3289D9A890014FEDD /* Frameworks */ = {
			isa = PBXFrameworksBuildPhase;
			buildActionMask = 2147483647;
			files = (
				FF2944F0F2A23BA1470BC6EB /* Pods_Citas.framework in Frameworks */,
			);
			runOnlyForDeploymentPostprocessing = 0;
		};
/* End PBXFrameworksBuildPhase section */

/* Begin PBXGroup section */
		5F2983E028A1765600D60CBB /* PerfilUser */ = {
			isa = PBXGroup;
			children = (
				5F2983E528A1768D00D60CBB /* Interactor */,
				5F2983E428A1768200D60CBB /* Presenter */,
				5F2983E328A1767A00D60CBB /* Protocol */,
				5F2983E228A1767100D60CBB /* Router */,
				5F2983E128A1766700D60CBB /* View */,
			);
			path = PerfilUser;
			sourceTree = "<group>";
		};
		5F2983E128A1766700D60CBB /* View */ = {
			isa = PBXGroup;
			children = (
				5F2983EC28A17AC500D60CBB /* PerfilUserViewController.swift */,
			);
			path = View;
			sourceTree = "<group>";
		};
		5F2983E228A1767100D60CBB /* Router */ = {
			isa = PBXGroup;
			children = (
				5F2983E628A176EF00D60CBB /* PerfilUserRouter.swift */,
			);
			path = Router;
			sourceTree = "<group>";
		};
		5F2983E328A1767A00D60CBB /* Protocol */ = {
			isa = PBXGroup;
			children = (
				5F2983E828A1773F00D60CBB /* PerfilUserProtocols.swift */,
			);
			path = Protocol;
			sourceTree = "<group>";
		};
		5F2983E428A1768200D60CBB /* Presenter */ = {
			isa = PBXGroup;
			children = (
				5F2983EE28A17B1800D60CBB /* PerfilUserPresenter.swift */,
			);
			path = Presenter;
			sourceTree = "<group>";
		};
		5F2983E528A1768D00D60CBB /* Interactor */ = {
			isa = PBXGroup;
			children = (
				5F2983F028A17BEC00D60CBB /* PerfilUserIntercator.swift */,
			);
			path = Interactor;
			sourceTree = "<group>";
		};
		5F66D7DD289D9A890014FEDD = {
			isa = PBXGroup;
			children = (
				5F66D7E8289D9A890014FEDD /* Citas */,
				5F66D7E7289D9A890014FEDD /* Products */,
				9E66A45620C179682EBA666C /* Pods */,
				66FE4E7C3C6587A4227C8E5B /* Frameworks */,
			);
			sourceTree = "<group>";
		};
		5F66D7E7289D9A890014FEDD /* Products */ = {
			isa = PBXGroup;
			children = (
				5F66D7E6289D9A890014FEDD /* Citas.app */,
			);
			name = Products;
			sourceTree = "<group>";
		};
		5F66D7E8289D9A890014FEDD /* Citas */ = {
			isa = PBXGroup;
			children = (
				D2020D9828DD6B0000D564CD /* Controllers */,
				D2020D8B28DD684500D564CD /* Entities */,
				D2020D8628DD679700D564CD /* Services */,
				5F66D801289DA0580014FEDD /* Moduls */,
				5F66D800289D9FA80014FEDD /* Config */,
				5F66D7FF289D9F170014FEDD /* Storyboards */,
				5F66D7FD289D9E920014FEDD /* Utils */,
				5F66D7ED289D9A890014FEDD /* ViewController.swift */,
				5F66D7F2289D9A8A0014FEDD /* Assets.xcassets */,
				5F66D7F7289D9A8A0014FEDD /* Info.plist */,
				D248599728D28E0900E4AB5F /* GoogleService-Info.plist */,
			);
			path = Citas;
			sourceTree = "<group>";
		};
		5F66D7FD289D9E920014FEDD /* Utils */ = {
			isa = PBXGroup;
			children = (
				5FF698EC289EB8C700F1A9A6 /* Extentions.swift */,
			);
			path = Utils;
			sourceTree = "<group>";
		};
		5F66D7FF289D9F170014FEDD /* Storyboards */ = {
			isa = PBXGroup;
			children = (
				5F66D7EF289D9A890014FEDD /* Main.storyboard */,
				5F66D7F4289D9A8A0014FEDD /* LaunchScreen.storyboard */,
				D260CF0628DA11D700F86223 /* Login.storyboard */,
				D260CF1A28DA1BEE00F86223 /* Register.storyboard */,
				D266B67F28DA5B4700757174 /* PageError.storyboard */,
			);
			path = Storyboards;
			sourceTree = "<group>";
		};
		5F66D800289D9FA80014FEDD /* Config */ = {
			isa = PBXGroup;
			children = (
				5F66D7EB289D9A890014FEDD /* SceneDelegate.swift */,
				5F66D7E9289D9A890014FEDD /* AppDelegate.swift */,
			);
			path = Config;
			sourceTree = "<group>";
		};
		5F66D801289DA0580014FEDD /* Moduls */ = {
			isa = PBXGroup;
			children = (
				D266B68128DA5B4E00757174 /* PageError */,
				D260CF1628DA1B8C00F86223 /* Register */,
				D260CF0428DA11C700F86223 /* Login */,
				5F2983E028A1765600D60CBB /* PerfilUser */,
				5F66D802289DA7950014FEDD /* Main */,
			);
			path = Moduls;
			sourceTree = "<group>";
		};
		5F66D802289DA7950014FEDD /* Main */ = {
			isa = PBXGroup;
			children = (
				5F66D804289DA80C0014FEDD /* View */,
				5F66D809289DA8400014FEDD /* Interactor */,
				5F66D80A289DA84B0014FEDD /* Presenter */,
				5F66D807289DA8260014FEDD /* Protocol */,
				5F66D803289DA7FF0014FEDD /* Entity */,
				5F66D805289DA8140014FEDD /* Router */,
			);
			path = Main;
			sourceTree = "<group>";
		};
		5F66D803289DA7FF0014FEDD /* Entity */ = {
			isa = PBXGroup;
			children = (
				5F66D817289DC76E0014FEDD /* Cells */,
				5F66D80D289DAAD70014FEDD /* UserEntity.swift */,
			);
			path = Entity;
			sourceTree = "<group>";
		};
		5F66D804289DA80C0014FEDD /* View */ = {
			isa = PBXGroup;
			children = (
				5F66D80F289DAE740014FEDD /* MainView.swift */,
			);
			path = View;
			sourceTree = "<group>";
		};
		5F66D805289DA8140014FEDD /* Router */ = {
			isa = PBXGroup;
			children = (
				5F66D815289DC23B0014FEDD /* MainRouter.swift */,
			);
			path = Router;
			sourceTree = "<group>";
		};
		5F66D807289DA8260014FEDD /* Protocol */ = {
			isa = PBXGroup;
			children = (
				5F66D80B289DA8DA0014FEDD /* MainProtocols.swift */,
			);
			path = Protocol;
			sourceTree = "<group>";
		};
		5F66D809289DA8400014FEDD /* Interactor */ = {
			isa = PBXGroup;
			children = (
				5F66D813289DBAFF0014FEDD /* MainInteractor.swift */,
			);
			path = Interactor;
			sourceTree = "<group>";
		};
		5F66D80A289DA84B0014FEDD /* Presenter */ = {
			isa = PBXGroup;
			children = (
				5F66D811289DB9760014FEDD /* MainPresenter.swift */,
			);
			path = Presenter;
			sourceTree = "<group>";
		};
		5F66D817289DC76E0014FEDD /* Cells */ = {
			isa = PBXGroup;
			children = (
				5F66D818289DC7A50014FEDD /* CollectionViewCell.swift */,
			);
			path = Cells;
			sourceTree = "<group>";
		};
		66FE4E7C3C6587A4227C8E5B /* Frameworks */ = {
			isa = PBXGroup;
			children = (
				F45BFBE83136F12BF5FEA9B3 /* Pods_Citas.framework */,
			);
			name = Frameworks;
			sourceTree = "<group>";
		};
		9E66A45620C179682EBA666C /* Pods */ = {
			isa = PBXGroup;
			children = (
				1F421F419BEE01081A72072F /* Pods-Citas.debug.xcconfig */,
				91EFE7DD35E2222384449E85 /* Pods-Citas.release.xcconfig */,
			);
			path = Pods;
			sourceTree = "<group>";
		};
		D2020D8628DD679700D564CD /* Services */ = {
			isa = PBXGroup;
			children = (
				D2020D8728DD67A700D564CD /* DatabaseManager.swift */,
				D2020D8928DD67E400D564CD /* StorageManager.swift */,
				D2020DA128DD6E0D00D564CD /* ExtensionDatabaseMAccount.swift */,
			);
			path = Services;
			sourceTree = "<group>";
		};
		D2020D8B28DD684500D564CD /* Entities */ = {
			isa = PBXGroup;
			children = (
				D2020D8C28DD688D00D564CD /* User.swift */,
				D2020D8E28DD690400D564CD /* Conversation.swift */,
				D2020D9228DD692E00D564CD /* Message.swift */,
				D2020D9428DD694500D564CD /* SearchResult.swift */,
				D2020D9628DD697000D564CD /* ProfileModel.swift */,
			);
			path = Entities;
			sourceTree = "<group>";
		};
		D2020D9828DD6B0000D564CD /* Controllers */ = {
			isa = PBXGroup;
			children = (
				D2020D9928DD6B1400D564CD /* ChatViewController.swift */,
				D2020D9B28DD6CD300D564CD /* LocationPickerViewController.swift */,
				D2020D9D28DD6D0200D564CD /* PhotoViewerViewController.swift */,
				D2020DA528DD71E700D564CD /* ConversationsViewController.swift */,
				D2020DA728DD721900D564CD /* NewConversationViewController.swift */,
				D2020DA928DD723900D564CD /* ProfileViewController.swift */,
				D2020DAB28DD726500D564CD /* ConversationTableViewCell.swift */,
				D2020DAD28DD728100D564CD /* NewConversationCell.swift */,
				D252749A28DF95070016F435 /* LogoAnimationViewController.swift */,
				D2D40A9D28E28616003C5635 /* extension.swift */,
				D2D40A9F28E2871D003C5635 /* extensionChatViewController.swift */,
				D2D40AA128E289DF003C5635 /* extensionDatabaseManager.swift */,
				D2D40AA328E28A6E003C5635 /* extensionDBM.swift */,
			);
			path = Controllers;
			sourceTree = "<group>";
		};
		D260CF0428DA11C700F86223 /* Login */ = {
			isa = PBXGroup;
			children = (
				D260CF0528DA11CD00F86223 /* View */,
				D260CF0A28DA158800F86223 /* Interactor */,
				D260CF1028DA177600F86223 /* Protocols */,
				D260CF0D28DA174D00F86223 /* Presenter */,
				D260CF1328DA179C00F86223 /* Router */,
			);
			path = Login;
			sourceTree = "<group>";
		};
		D260CF0528DA11CD00F86223 /* View */ = {
			isa = PBXGroup;
			children = (
				D260CF0828DA11F200F86223 /* LoginViewController.swift */,
			);
			path = View;
			sourceTree = "<group>";
		};
		D260CF0A28DA158800F86223 /* Interactor */ = {
			isa = PBXGroup;
			children = (
				D260CF0B28DA15A300F86223 /* LoginInteractor.swift */,
			);
			path = Interactor;
			sourceTree = "<group>";
		};
		D260CF0D28DA174D00F86223 /* Presenter */ = {
			isa = PBXGroup;
			children = (
				D260CF0E28DA175900F86223 /* LoginPresenter.swift */,
			);
			path = Presenter;
			sourceTree = "<group>";
		};
		D260CF1028DA177600F86223 /* Protocols */ = {
			isa = PBXGroup;
			children = (
				D260CF1128DA178100F86223 /* LoginProtocols.swift */,
			);
			path = Protocols;
			sourceTree = "<group>";
		};
		D260CF1328DA179C00F86223 /* Router */ = {
			isa = PBXGroup;
			children = (
				D260CF1428DA17A600F86223 /* LoginRouter.swift */,
			);
			path = Router;
			sourceTree = "<group>";
		};
		D260CF1628DA1B8C00F86223 /* Register */ = {
			isa = PBXGroup;
			children = (
				D260CF1728DA1BA100F86223 /* View */,
				D260CF1C28DA1C5E00F86223 /* Interactor */,
				D260CF2328DA1CFE00F86223 /* Presenter */,
				D260CF2028DA1CD000F86223 /* Protocols */,
				D260CF2628DA1D2A00F86223 /* Router */,
			);
			path = Register;
			sourceTree = "<group>";
		};
		D260CF1728DA1BA100F86223 /* View */ = {
			isa = PBXGroup;
			children = (
				D260CF1828DA1BAC00F86223 /* RegisterViewController.swift */,
			);
			path = View;
			sourceTree = "<group>";
		};
		D260CF1C28DA1C5E00F86223 /* Interactor */ = {
			isa = PBXGroup;
			children = (
				D260CF1D28DA1C7000F86223 /* RegisterInteractor.swift */,
			);
			path = Interactor;
			sourceTree = "<group>";
		};
		D260CF2028DA1CD000F86223 /* Protocols */ = {
			isa = PBXGroup;
			children = (
				D260CF2128DA1CE400F86223 /* RegisterProtocols.swift */,
			);
			path = Protocols;
			sourceTree = "<group>";
		};
		D260CF2328DA1CFE00F86223 /* Presenter */ = {
			isa = PBXGroup;
			children = (
				D260CF2428DA1D0F00F86223 /* RegisterPresenter.swift */,
			);
			path = Presenter;
			sourceTree = "<group>";
		};
		D260CF2628DA1D2A00F86223 /* Router */ = {
			isa = PBXGroup;
			children = (
				D260CF2728DA1D3900F86223 /* RegisterRouter.swift */,
			);
			path = Router;
			sourceTree = "<group>";
		};
		D266B68128DA5B4E00757174 /* PageError */ = {
			isa = PBXGroup;
			children = (
				D266B68628DA5B7600757174 /* View */,
				D266B68528DA5B6B00757174 /* Interactor */,
				D266B68428DA5B6400757174 /* Protocols */,
				D266B68328DA5B5B00757174 /* Presenter */,
				D266B68228DA5B5300757174 /* Router */,
			);
			path = PageError;
			sourceTree = "<group>";
		};
		D266B68228DA5B5300757174 /* Router */ = {
			isa = PBXGroup;
			children = (
				D266B69128DA5C5100757174 /* PageErrorRouter.swift */,
			);
			path = Router;
			sourceTree = "<group>";
		};
		D266B68328DA5B5B00757174 /* Presenter */ = {
			isa = PBXGroup;
			children = (
				D266B68F28DA5C3500757174 /* PageErrorPresenter.swift */,
			);
			path = Presenter;
			sourceTree = "<group>";
		};
		D266B68428DA5B6400757174 /* Protocols */ = {
			isa = PBXGroup;
			children = (
				D266B68D28DA5C1600757174 /* PageErrorProtocols.swift */,
			);
			path = Protocols;
			sourceTree = "<group>";
		};
		D266B68528DA5B6B00757174 /* Interactor */ = {
			isa = PBXGroup;
			children = (
				D266B68B28DA5BF300757174 /* PageErrorInteractor.swift */,
			);
			path = Interactor;
			sourceTree = "<group>";
		};
		D266B68628DA5B7600757174 /* View */ = {
			isa = PBXGroup;
			children = (
				D266B68928DA5BB300757174 /* PageErrorViewController.swift */,
			);
			path = View;
			sourceTree = "<group>";
		};
/* End PBXGroup section */

/* Begin PBXNativeTarget section */
		5F66D7E5289D9A890014FEDD /* Citas */ = {
			isa = PBXNativeTarget;
			buildConfigurationList = 5F66D7FA289D9A8A0014FEDD /* Build configuration list for PBXNativeTarget "Citas" */;
			buildPhases = (
				88A4781977258A7527E8FF0B /* [CP] Check Pods Manifest.lock */,
				5F66D7E2289D9A890014FEDD /* Sources */,
				5F66D7E3289D9A890014FEDD /* Frameworks */,
				5F66D7E4289D9A890014FEDD /* Resources */,
				D24859AC28D2926800E4AB5F /* Swift Lint */,
				96F750B8ACA7F55FAAA77865 /* [CP] Embed Pods Frameworks */,
			);
			buildRules = (
			);
			dependencies = (
			);
			name = Citas;
			productName = Citas;
			productReference = 5F66D7E6289D9A890014FEDD /* Citas.app */;
			productType = "com.apple.product-type.application";
		};
/* End PBXNativeTarget section */

/* Begin PBXProject section */
		5F66D7DE289D9A890014FEDD /* Project object */ = {
			isa = PBXProject;
			attributes = {
				BuildIndependentTargetsInParallel = 1;
				LastSwiftUpdateCheck = 1340;
				LastUpgradeCheck = 1340;
				TargetAttributes = {
					5F66D7E5289D9A890014FEDD = {
						CreatedOnToolsVersion = 13.4.1;
					};
				};
			};
			buildConfigurationList = 5F66D7E1289D9A890014FEDD /* Build configuration list for PBXProject "Citas" */;
			compatibilityVersion = "Xcode 13.0";
			developmentRegion = en;
			hasScannedForEncodings = 0;
			knownRegions = (
				en,
				Base,
			);
			mainGroup = 5F66D7DD289D9A890014FEDD;
			productRefGroup = 5F66D7E7289D9A890014FEDD /* Products */;
			projectDirPath = "";
			projectRoot = "";
			targets = (
				5F66D7E5289D9A890014FEDD /* Citas */,
			);
		};
/* End PBXProject section */

/* Begin PBXResourcesBuildPhase section */
		5F66D7E4289D9A890014FEDD /* Resources */ = {
			isa = PBXResourcesBuildPhase;
			buildActionMask = 2147483647;
			files = (
				5F66D7F6289D9A8A0014FEDD /* LaunchScreen.storyboard in Resources */,
				D248599828D28E0900E4AB5F /* GoogleService-Info.plist in Resources */,
				5F66D7F3289D9A8A0014FEDD /* Assets.xcassets in Resources */,
				D260CF0728DA11D700F86223 /* Login.storyboard in Resources */,
				5F66D7F1289D9A890014FEDD /* Main.storyboard in Resources */,
				D266B68028DA5B4700757174 /* PageError.storyboard in Resources */,
				D260CF1B28DA1BEE00F86223 /* Register.storyboard in Resources */,
			);
			runOnlyForDeploymentPostprocessing = 0;
		};
/* End PBXResourcesBuildPhase section */

/* Begin PBXShellScriptBuildPhase section */
		88A4781977258A7527E8FF0B /* [CP] Check Pods Manifest.lock */ = {
			isa = PBXShellScriptBuildPhase;
			buildActionMask = 2147483647;
			files = (
			);
			inputFileListPaths = (
			);
			inputPaths = (
				"${PODS_PODFILE_DIR_PATH}/Podfile.lock",
				"${PODS_ROOT}/Manifest.lock",
			);
			name = "[CP] Check Pods Manifest.lock";
			outputFileListPaths = (
			);
			outputPaths = (
				"$(DERIVED_FILE_DIR)/Pods-Citas-checkManifestLockResult.txt",
			);
			runOnlyForDeploymentPostprocessing = 0;
			shellPath = /bin/sh;
			shellScript = "diff \"${PODS_PODFILE_DIR_PATH}/Podfile.lock\" \"${PODS_ROOT}/Manifest.lock\" > /dev/null\nif [ $? != 0 ] ; then\n    # print error to STDERR\n    echo \"error: The sandbox is not in sync with the Podfile.lock. Run 'pod install' or update your CocoaPods installation.\" >&2\n    exit 1\nfi\n# This output is used by Xcode 'outputs' to avoid re-running this script phase.\necho \"SUCCESS\" > \"${SCRIPT_OUTPUT_FILE_0}\"\n";
			showEnvVarsInLog = 0;
		};
		96F750B8ACA7F55FAAA77865 /* [CP] Embed Pods Frameworks */ = {
			isa = PBXShellScriptBuildPhase;
			buildActionMask = 2147483647;
			files = (
			);
			inputFileListPaths = (
				"${PODS_ROOT}/Target Support Files/Pods-Citas/Pods-Citas-frameworks-${CONFIGURATION}-input-files.xcfilelist",
			);
			name = "[CP] Embed Pods Frameworks";
			outputFileListPaths = (
				"${PODS_ROOT}/Target Support Files/Pods-Citas/Pods-Citas-frameworks-${CONFIGURATION}-output-files.xcfilelist",
			);
			runOnlyForDeploymentPostprocessing = 0;
			shellPath = /bin/sh;
			shellScript = "\"${PODS_ROOT}/Target Support Files/Pods-Citas/Pods-Citas-frameworks.sh\"\n";
			showEnvVarsInLog = 0;
		};
		D24859AC28D2926800E4AB5F /* Swift Lint */ = {
			isa = PBXShellScriptBuildPhase;
			buildActionMask = 2147483647;
			files = (
			);
			inputFileListPaths = (
			);
			inputPaths = (
			);
			name = "Swift Lint";
			outputFileListPaths = (
			);
			outputPaths = (
			);
			runOnlyForDeploymentPostprocessing = 0;
			shellPath = /bin/sh;
			shellScript = "# Type a script or drag a script file from your workspace to insert its path.\nif which swiftlint >/dev/null; then swiftlint\nfi\n";
		};
/* End PBXShellScriptBuildPhase section */

/* Begin PBXSourcesBuildPhase section */
		5F66D7E2289D9A890014FEDD /* Sources */ = {
			isa = PBXSourcesBuildPhase;
			buildActionMask = 2147483647;
			files = (
				D2020D8828DD67A700D564CD /* DatabaseManager.swift in Sources */,
				5F66D819289DC7A50014FEDD /* CollectionViewCell.swift in Sources */,
				D260CF1928DA1BAC00F86223 /* RegisterViewController.swift in Sources */,
				D260CF1228DA178100F86223 /* LoginProtocols.swift in Sources */,
				5F2983F128A17BEC00D60CBB /* PerfilUserIntercator.swift in Sources */,
				D2020D9528DD694500D564CD /* SearchResult.swift in Sources */,
				5F66D80C289DA8DA0014FEDD /* MainProtocols.swift in Sources */,
				5F2983EF28A17B1800D60CBB /* PerfilUserPresenter.swift in Sources */,
				D2D40AA028E2871D003C5635 /* extensionChatViewController.swift in Sources */,
				D266B68C28DA5BF300757174 /* PageErrorInteractor.swift in Sources */,
				D260CF1528DA17A600F86223 /* LoginRouter.swift in Sources */,
				D266B68E28DA5C1600757174 /* PageErrorProtocols.swift in Sources */,
				D260CF0F28DA175900F86223 /* LoginPresenter.swift in Sources */,
				5F66D810289DAE740014FEDD /* MainView.swift in Sources */,
				5FF698ED289EB8C700F1A9A6 /* Extentions.swift in Sources */,
				D2020DAC28DD726500D564CD /* ConversationTableViewCell.swift in Sources */,
				5F66D7EE289D9A890014FEDD /* ViewController.swift in Sources */,
				D260CF2828DA1D3900F86223 /* RegisterRouter.swift in Sources */,
				5F2983ED28A17AC500D60CBB /* PerfilUserViewController.swift in Sources */,
				D260CF2228DA1CE400F86223 /* RegisterProtocols.swift in Sources */,
				D2020DA228DD6E0D00D564CD /* ExtensionDatabaseMAccount.swift in Sources */,
				D266B69028DA5C3500757174 /* PageErrorPresenter.swift in Sources */,
				D2020DA628DD71E700D564CD /* ConversationsViewController.swift in Sources */,
				D2020D8F28DD690400D564CD /* Conversation.swift in Sources */,
				D2020D9E28DD6D0200D564CD /* PhotoViewerViewController.swift in Sources */,
				D260CF0C28DA15A300F86223 /* LoginInteractor.swift in Sources */,
				5F66D7EA289D9A890014FEDD /* AppDelegate.swift in Sources */,
				D2020D9A28DD6B1400D564CD /* ChatViewController.swift in Sources */,
				D2020DAE28DD728100D564CD /* NewConversationCell.swift in Sources */,
				D2D40AA428E28A6E003C5635 /* extensionDBM.swift in Sources */,
				D2020D9C28DD6CD300D564CD /* LocationPickerViewController.swift in Sources */,
				D2D40A9E28E28616003C5635 /* extension.swift in Sources */,
				D2020D9328DD692E00D564CD /* Message.swift in Sources */,
				D2020D9728DD697000D564CD /* ProfileModel.swift in Sources */,
				D266B69228DA5C5100757174 /* PageErrorRouter.swift in Sources */,
				D266B68A28DA5BB300757174 /* PageErrorViewController.swift in Sources */,
				5F66D80E289DAAD70014FEDD /* UserEntity.swift in Sources */,
				5F66D812289DB9760014FEDD /* MainPresenter.swift in Sources */,
				D2020D8D28DD688D00D564CD /* User.swift in Sources */,
				D2D40AA228E289DF003C5635 /* extensionDatabaseManager.swift in Sources */,
				D252749B28DF95070016F435 /* LogoAnimationViewController.swift in Sources */,
				D2020D8A28DD67E400D564CD /* StorageManager.swift in Sources */,
				5F66D7EC289D9A890014FEDD /* SceneDelegate.swift in Sources */,
				5F66D814289DBAFF0014FEDD /* MainInteractor.swift in Sources */,
				D260CF0928DA11F200F86223 /* LoginViewController.swift in Sources */,
				D2020DA828DD721900D564CD /* NewConversationViewController.swift in Sources */,
				D260CF2528DA1D0F00F86223 /* RegisterPresenter.swift in Sources */,
				5F66D816289DC23B0014FEDD /* MainRouter.swift in Sources */,
				5F2983E928A1773F00D60CBB /* PerfilUserProtocols.swift in Sources */,
				D2020DAA28DD723900D564CD /* ProfileViewController.swift in Sources */,
				D260CF1E28DA1C7000F86223 /* RegisterInteractor.swift in Sources */,
				5F2983E728A176EF00D60CBB /* PerfilUserRouter.swift in Sources */,
			);
			runOnlyForDeploymentPostprocessing = 0;
		};
/* End PBXSourcesBuildPhase section */

/* Begin PBXVariantGroup section */
		5F66D7EF289D9A890014FEDD /* Main.storyboard */ = {
			isa = PBXVariantGroup;
			children = (
				5F66D7F0289D9A890014FEDD /* Base */,
			);
			name = Main.storyboard;
			sourceTree = "<group>";
		};
		5F66D7F4289D9A8A0014FEDD /* LaunchScreen.storyboard */ = {
			isa = PBXVariantGroup;
			children = (
				5F66D7F5289D9A8A0014FEDD /* Base */,
			);
			name = LaunchScreen.storyboard;
			sourceTree = "<group>";
		};
/* End PBXVariantGroup section */

/* Begin XCBuildConfiguration section */
		5F66D7F8289D9A8A0014FEDD /* Debug */ = {
			isa = XCBuildConfiguration;
			buildSettings = {
				ALWAYS_SEARCH_USER_PATHS = NO;
				CLANG_ANALYZER_NONNULL = YES;
				CLANG_ANALYZER_NUMBER_OBJECT_CONVERSION = YES_AGGRESSIVE;
				CLANG_CXX_LANGUAGE_STANDARD = "gnu++17";
				CLANG_ENABLE_MODULES = YES;
				CLANG_ENABLE_OBJC_ARC = YES;
				CLANG_ENABLE_OBJC_WEAK = YES;
				CLANG_WARN_BLOCK_CAPTURE_AUTORELEASING = YES;
				CLANG_WARN_BOOL_CONVERSION = YES;
				CLANG_WARN_COMMA = YES;
				CLANG_WARN_CONSTANT_CONVERSION = YES;
				CLANG_WARN_DEPRECATED_OBJC_IMPLEMENTATIONS = YES;
				CLANG_WARN_DIRECT_OBJC_ISA_USAGE = YES_ERROR;
				CLANG_WARN_DOCUMENTATION_COMMENTS = YES;
				CLANG_WARN_EMPTY_BODY = YES;
				CLANG_WARN_ENUM_CONVERSION = YES;
				CLANG_WARN_INFINITE_RECURSION = YES;
				CLANG_WARN_INT_CONVERSION = YES;
				CLANG_WARN_NON_LITERAL_NULL_CONVERSION = YES;
				CLANG_WARN_OBJC_IMPLICIT_RETAIN_SELF = YES;
				CLANG_WARN_OBJC_LITERAL_CONVERSION = YES;
				CLANG_WARN_OBJC_ROOT_CLASS = YES_ERROR;
				CLANG_WARN_QUOTED_INCLUDE_IN_FRAMEWORK_HEADER = YES;
				CLANG_WARN_RANGE_LOOP_ANALYSIS = YES;
				CLANG_WARN_STRICT_PROTOTYPES = YES;
				CLANG_WARN_SUSPICIOUS_MOVE = YES;
				CLANG_WARN_UNGUARDED_AVAILABILITY = YES_AGGRESSIVE;
				CLANG_WARN_UNREACHABLE_CODE = YES;
				CLANG_WARN__DUPLICATE_METHOD_MATCH = YES;
				COPY_PHASE_STRIP = NO;
				DEBUG_INFORMATION_FORMAT = dwarf;
				ENABLE_STRICT_OBJC_MSGSEND = YES;
				ENABLE_TESTABILITY = YES;
				GCC_C_LANGUAGE_STANDARD = gnu11;
				GCC_DYNAMIC_NO_PIC = NO;
				GCC_NO_COMMON_BLOCKS = YES;
				GCC_OPTIMIZATION_LEVEL = 0;
				GCC_PREPROCESSOR_DEFINITIONS = (
					"DEBUG=1",
					"$(inherited)",
				);
				GCC_WARN_64_TO_32_BIT_CONVERSION = YES;
				GCC_WARN_ABOUT_RETURN_TYPE = YES_ERROR;
				GCC_WARN_UNDECLARED_SELECTOR = YES;
				GCC_WARN_UNINITIALIZED_AUTOS = YES_AGGRESSIVE;
				GCC_WARN_UNUSED_FUNCTION = YES;
				GCC_WARN_UNUSED_VARIABLE = YES;
				IPHONEOS_DEPLOYMENT_TARGET = 13.0;
				MTL_ENABLE_DEBUG_INFO = INCLUDE_SOURCE;
				MTL_FAST_MATH = YES;
				ONLY_ACTIVE_ARCH = YES;
				SDKROOT = iphoneos;
				SWIFT_ACTIVE_COMPILATION_CONDITIONS = DEBUG;
				SWIFT_OPTIMIZATION_LEVEL = "-Onone";
			};
			name = Debug;
		};
		5F66D7F9289D9A8A0014FEDD /* Release */ = {
			isa = XCBuildConfiguration;
			buildSettings = {
				ALWAYS_SEARCH_USER_PATHS = NO;
				CLANG_ANALYZER_NONNULL = YES;
				CLANG_ANALYZER_NUMBER_OBJECT_CONVERSION = YES_AGGRESSIVE;
				CLANG_CXX_LANGUAGE_STANDARD = "gnu++17";
				CLANG_ENABLE_MODULES = YES;
				CLANG_ENABLE_OBJC_ARC = YES;
				CLANG_ENABLE_OBJC_WEAK = YES;
				CLANG_WARN_BLOCK_CAPTURE_AUTORELEASING = YES;
				CLANG_WARN_BOOL_CONVERSION = YES;
				CLANG_WARN_COMMA = YES;
				CLANG_WARN_CONSTANT_CONVERSION = YES;
				CLANG_WARN_DEPRECATED_OBJC_IMPLEMENTATIONS = YES;
				CLANG_WARN_DIRECT_OBJC_ISA_USAGE = YES_ERROR;
				CLANG_WARN_DOCUMENTATION_COMMENTS = YES;
				CLANG_WARN_EMPTY_BODY = YES;
				CLANG_WARN_ENUM_CONVERSION = YES;
				CLANG_WARN_INFINITE_RECURSION = YES;
				CLANG_WARN_INT_CONVERSION = YES;
				CLANG_WARN_NON_LITERAL_NULL_CONVERSION = YES;
				CLANG_WARN_OBJC_IMPLICIT_RETAIN_SELF = YES;
				CLANG_WARN_OBJC_LITERAL_CONVERSION = YES;
				CLANG_WARN_OBJC_ROOT_CLASS = YES_ERROR;
				CLANG_WARN_QUOTED_INCLUDE_IN_FRAMEWORK_HEADER = YES;
				CLANG_WARN_RANGE_LOOP_ANALYSIS = YES;
				CLANG_WARN_STRICT_PROTOTYPES = YES;
				CLANG_WARN_SUSPICIOUS_MOVE = YES;
				CLANG_WARN_UNGUARDED_AVAILABILITY = YES_AGGRESSIVE;
				CLANG_WARN_UNREACHABLE_CODE = YES;
				CLANG_WARN__DUPLICATE_METHOD_MATCH = YES;
				COPY_PHASE_STRIP = NO;
				DEBUG_INFORMATION_FORMAT = "dwarf-with-dsym";
				ENABLE_NS_ASSERTIONS = NO;
				ENABLE_STRICT_OBJC_MSGSEND = YES;
				GCC_C_LANGUAGE_STANDARD = gnu11;
				GCC_NO_COMMON_BLOCKS = YES;
				GCC_WARN_64_TO_32_BIT_CONVERSION = YES;
				GCC_WARN_ABOUT_RETURN_TYPE = YES_ERROR;
				GCC_WARN_UNDECLARED_SELECTOR = YES;
				GCC_WARN_UNINITIALIZED_AUTOS = YES_AGGRESSIVE;
				GCC_WARN_UNUSED_FUNCTION = YES;
				GCC_WARN_UNUSED_VARIABLE = YES;
				IPHONEOS_DEPLOYMENT_TARGET = 13.0;
				MTL_ENABLE_DEBUG_INFO = NO;
				MTL_FAST_MATH = YES;
				SDKROOT = iphoneos;
				SWIFT_COMPILATION_MODE = wholemodule;
				SWIFT_OPTIMIZATION_LEVEL = "-O";
				VALIDATE_PRODUCT = YES;
			};
			name = Release;
		};
		5F66D7FB289D9A8A0014FEDD /* Debug */ = {
			isa = XCBuildConfiguration;
			baseConfigurationReference = 1F421F419BEE01081A72072F /* Pods-Citas.debug.xcconfig */;
			buildSettings = {
				ASSETCATALOG_COMPILER_APPICON_NAME = AppIcon;
				ASSETCATALOG_COMPILER_GLOBAL_ACCENT_COLOR_NAME = AccentColor;
				CODE_SIGN_IDENTITY = "Apple Development";
				CODE_SIGN_STYLE = Manual;
				CURRENT_PROJECT_VERSION = 1;
				DEVELOPMENT_TEAM = "";
				GENERATE_INFOPLIST_FILE = YES;
				INFOPLIST_FILE = Citas/Info.plist;
				INFOPLIST_KEY_NSCameraUsageDescription = "Por favor permita el acceso a la cámara para tomar una fotografía de perfil.";
				INFOPLIST_KEY_NSPhotoLibraryUsageDescription = "Por favor permita el acceso para seleccionar una foto para su perfil.";
				INFOPLIST_KEY_UIApplicationSupportsIndirectInputEvents = YES;
				INFOPLIST_KEY_UILaunchStoryboardName = LaunchScreen;
				INFOPLIST_KEY_UISupportedInterfaceOrientations_iPad = "UIInterfaceOrientationPortrait UIInterfaceOrientationPortraitUpsideDown UIInterfaceOrientationLandscapeLeft UIInterfaceOrientationLandscapeRight";
				INFOPLIST_KEY_UISupportedInterfaceOrientations_iPhone = "UIInterfaceOrientationPortrait UIInterfaceOrientationLandscapeLeft UIInterfaceOrientationLandscapeRight";
				LD_RUNPATH_SEARCH_PATHS = (
					"$(inherited)",
					"@executable_path/Frameworks",
				);
				MARKETING_VERSION = 1.0;
				PRODUCT_BUNDLE_IDENTIFIER = test.Citas;
				PRODUCT_NAME = "$(TARGET_NAME)";
				PROVISIONING_PROFILE_SPECIFIER = "";
				SWIFT_EMIT_LOC_STRINGS = YES;
				SWIFT_VERSION = 5.0;
				TARGETED_DEVICE_FAMILY = "1,2";
			};
			name = Debug;
		};
		5F66D7FC289D9A8A0014FEDD /* Release */ = {
			isa = XCBuildConfiguration;
			baseConfigurationReference = 91EFE7DD35E2222384449E85 /* Pods-Citas.release.xcconfig */;
			buildSettings = {
				ASSETCATALOG_COMPILER_APPICON_NAME = AppIcon;
				ASSETCATALOG_COMPILER_GLOBAL_ACCENT_COLOR_NAME = AccentColor;
				CODE_SIGN_IDENTITY = "Apple Development";
				CODE_SIGN_STYLE = Manual;
				CURRENT_PROJECT_VERSION = 1;
				DEVELOPMENT_TEAM = "";
				GENERATE_INFOPLIST_FILE = YES;
				INFOPLIST_FILE = Citas/Info.plist;
				INFOPLIST_KEY_NSCameraUsageDescription = "Por favor permita el acceso a la cámara para tomar una fotografía de perfil.";
				INFOPLIST_KEY_NSPhotoLibraryUsageDescription = "Por favor permita el acceso para seleccionar una foto para su perfil.";
				INFOPLIST_KEY_UIApplicationSupportsIndirectInputEvents = YES;
				INFOPLIST_KEY_UILaunchStoryboardName = LaunchScreen;
				INFOPLIST_KEY_UISupportedInterfaceOrientations_iPad = "UIInterfaceOrientationPortrait UIInterfaceOrientationPortraitUpsideDown UIInterfaceOrientationLandscapeLeft UIInterfaceOrientationLandscapeRight";
				INFOPLIST_KEY_UISupportedInterfaceOrientations_iPhone = "UIInterfaceOrientationPortrait UIInterfaceOrientationLandscapeLeft UIInterfaceOrientationLandscapeRight";
				LD_RUNPATH_SEARCH_PATHS = (
					"$(inherited)",
					"@executable_path/Frameworks",
				);
				MARKETING_VERSION = 1.0;
				PRODUCT_BUNDLE_IDENTIFIER = test.Citas;
				PRODUCT_NAME = "$(TARGET_NAME)";
				PROVISIONING_PROFILE_SPECIFIER = "";
				SWIFT_EMIT_LOC_STRINGS = YES;
				SWIFT_VERSION = 5.0;
				TARGETED_DEVICE_FAMILY = "1,2";
			};
			name = Release;
		};
/* End XCBuildConfiguration section */

/* Begin XCConfigurationList section */
		5F66D7E1289D9A890014FEDD /* Build configuration list for PBXProject "Citas" */ = {
			isa = XCConfigurationList;
			buildConfigurations = (
				5F66D7F8289D9A8A0014FEDD /* Debug */,
				5F66D7F9289D9A8A0014FEDD /* Release */,
			);
			defaultConfigurationIsVisible = 0;
			defaultConfigurationName = Release;
		};
		5F66D7FA289D9A8A0014FEDD /* Build configuration list for PBXNativeTarget "Citas" */ = {
			isa = XCConfigurationList;
			buildConfigurations = (
				5F66D7FB289D9A8A0014FEDD /* Debug */,
				5F66D7FC289D9A8A0014FEDD /* Release */,
			);
			defaultConfigurationIsVisible = 0;
			defaultConfigurationName = Release;
		};
/* End XCConfigurationList section */
	};
	rootObject = 5F66D7DE289D9A890014FEDD /* Project object */;
}
